// !$*UTF8*$!
{
	archiveVersion = 1;
	classes = {
	};
	objectVersion = 56;
	objects = {

/* Begin PBXBuildFile section */
		3142B9592B4CFFED0066CD5A /* AppDelegate.swift in Sources */ = {isa = PBXBuildFile; fileRef = 3142B9582B4CFFED0066CD5A /* AppDelegate.swift */; };
		3142B95B2B4CFFED0066CD5A /* SceneDelegate.swift in Sources */ = {isa = PBXBuildFile; fileRef = 3142B95A2B4CFFED0066CD5A /* SceneDelegate.swift */; };
		3142B95D2B4CFFED0066CD5A /* ModelHomeViewController.swift in Sources */ = {isa = PBXBuildFile; fileRef = 3142B95C2B4CFFED0066CD5A /* ModelHomeViewController.swift */; };
		3142B9622B4CFFED0066CD5A /* Assets.xcassets in Resources */ = {isa = PBXBuildFile; fileRef = 3142B9612B4CFFED0066CD5A /* Assets.xcassets */; };
		3142B9652B4CFFED0066CD5A /* LaunchScreen.storyboard in Resources */ = {isa = PBXBuildFile; fileRef = 3142B9632B4CFFED0066CD5A /* LaunchScreen.storyboard */; };
		3142B9702B4CFFEE0066CD5A /* MEMETests.swift in Sources */ = {isa = PBXBuildFile; fileRef = 3142B96F2B4CFFEE0066CD5A /* MEMETests.swift */; };
		3142B97A2B4CFFEE0066CD5A /* MEMEUITests.swift in Sources */ = {isa = PBXBuildFile; fileRef = 3142B9792B4CFFEE0066CD5A /* MEMEUITests.swift */; };
		3142B97C2B4CFFEE0066CD5A /* MEMEUITestsLaunchTests.swift in Sources */ = {isa = PBXBuildFile; fileRef = 3142B97B2B4CFFEE0066CD5A /* MEMEUITestsLaunchTests.swift */; };
		3142B98A2B4D019B0066CD5A /* SnapKit in Frameworks */ = {isa = PBXBuildFile; productRef = 3142B9892B4D019B0066CD5A /* SnapKit */; };
		3142B98D2B4D01A90066CD5A /* FSCalendar in Frameworks */ = {isa = PBXBuildFile; productRef = 3142B98C2B4D01A90066CD5A /* FSCalendar */; };
		3142B9902B4D01C40066CD5A /* Moya in Frameworks */ = {isa = PBXBuildFile; productRef = 3142B98F2B4D01C40066CD5A /* Moya */; };
		3142B9932B4D01DF0066CD5A /* KakaoSDK in Frameworks */ = {isa = PBXBuildFile; productRef = 3142B9922B4D01DF0066CD5A /* KakaoSDK */; };
		3142B9952B4D01DF0066CD5A /* KakaoSDKAuth in Frameworks */ = {isa = PBXBuildFile; productRef = 3142B9942B4D01DF0066CD5A /* KakaoSDKAuth */; };
		3142B9972B4D01DF0066CD5A /* KakaoSDKCommon in Frameworks */ = {isa = PBXBuildFile; productRef = 3142B9962B4D01DF0066CD5A /* KakaoSDKCommon */; };
		3142B99B2B4D020E0066CD5A /* NSObject+.swift in Sources */ = {isa = PBXBuildFile; fileRef = 3142B99A2B4D020E0066CD5A /* NSObject+.swift */; };
		3142B99D2B4D021A0066CD5A /* UIView+.swift in Sources */ = {isa = PBXBuildFile; fileRef = 3142B99C2B4D021A0066CD5A /* UIView+.swift */; };
		3142B99F2B4D02300066CD5A /* UIFont+.swift in Sources */ = {isa = PBXBuildFile; fileRef = 3142B99E2B4D02300066CD5A /* UIFont+.swift */; };
		3142B9A22B4D037C0066CD5A /* NavigationController.swift in Sources */ = {isa = PBXBuildFile; fileRef = 3142B9A12B4D037C0066CD5A /* NavigationController.swift */; };
		3142B9A42B4D03840066CD5A /* ModelTabBarController.swift in Sources */ = {isa = PBXBuildFile; fileRef = 3142B9A32B4D03840066CD5A /* ModelTabBarController.swift */; };
		3142B9A72B4D04CA0066CD5A /* LoginViewController.swift in Sources */ = {isa = PBXBuildFile; fileRef = 3142B9A62B4D04CA0066CD5A /* LoginViewController.swift */; };
		3142B9A92B4D06310066CD5A /* ArtistTabBarController.swift in Sources */ = {isa = PBXBuildFile; fileRef = 3142B9A82B4D06310066CD5A /* ArtistTabBarController.swift */; };
		3142B9AD2B4D07640066CD5A /* ModelReservationViewController.swift in Sources */ = {isa = PBXBuildFile; fileRef = 3142B9AC2B4D07640066CD5A /* ModelReservationViewController.swift */; };
		3142B9AF2B4D08380066CD5A /* ArtistHomeViewController.swift in Sources */ = {isa = PBXBuildFile; fileRef = 3142B9AE2B4D08380066CD5A /* ArtistHomeViewController.swift */; };
		3142B9B12B4D08480066CD5A /* ArtistReservationViewController.swift in Sources */ = {isa = PBXBuildFile; fileRef = 3142B9B02B4D08480066CD5A /* ArtistReservationViewController.swift */; };
		3142B9B42B4D089D0066CD5A /* TabBarItemType.swift in Sources */ = {isa = PBXBuildFile; fileRef = 3142B9B32B4D089D0066CD5A /* TabBarItemType.swift */; };
		31C85EED2B526B780064A6E7 /* OnBoardingViewController.swift in Sources */ = {isa = PBXBuildFile; fileRef = 31C85EEC2B526B780064A6E7 /* OnBoardingViewController.swift */; };
/* End PBXBuildFile section */

/* Begin PBXContainerItemProxy section */
		3142B96C2B4CFFEE0066CD5A /* PBXContainerItemProxy */ = {
			isa = PBXContainerItemProxy;
			containerPortal = 3142B94D2B4CFFED0066CD5A /* Project object */;
			proxyType = 1;
			remoteGlobalIDString = 3142B9542B4CFFED0066CD5A;
			remoteInfo = MEME;
		};
		3142B9762B4CFFEE0066CD5A /* PBXContainerItemProxy */ = {
			isa = PBXContainerItemProxy;
			containerPortal = 3142B94D2B4CFFED0066CD5A /* Project object */;
			proxyType = 1;
			remoteGlobalIDString = 3142B9542B4CFFED0066CD5A;
			remoteInfo = MEME;
		};
/* End PBXContainerItemProxy section */

/* Begin PBXFileReference section */
		3142B9552B4CFFED0066CD5A /* MEME.app */ = {isa = PBXFileReference; explicitFileType = wrapper.application; includeInIndex = 0; path = MEME.app; sourceTree = BUILT_PRODUCTS_DIR; };
		3142B9582B4CFFED0066CD5A /* AppDelegate.swift */ = {isa = PBXFileReference; lastKnownFileType = sourcecode.swift; path = AppDelegate.swift; sourceTree = "<group>"; };
		3142B95A2B4CFFED0066CD5A /* SceneDelegate.swift */ = {isa = PBXFileReference; lastKnownFileType = sourcecode.swift; path = SceneDelegate.swift; sourceTree = "<group>"; };
		3142B95C2B4CFFED0066CD5A /* ModelHomeViewController.swift */ = {isa = PBXFileReference; lastKnownFileType = sourcecode.swift; path = ModelHomeViewController.swift; sourceTree = "<group>"; };
		3142B9612B4CFFED0066CD5A /* Assets.xcassets */ = {isa = PBXFileReference; lastKnownFileType = folder.assetcatalog; path = Assets.xcassets; sourceTree = "<group>"; };
		3142B9642B4CFFED0066CD5A /* Base */ = {isa = PBXFileReference; lastKnownFileType = file.storyboard; name = Base; path = Base.lproj/LaunchScreen.storyboard; sourceTree = "<group>"; };
		3142B9662B4CFFED0066CD5A /* Info.plist */ = {isa = PBXFileReference; lastKnownFileType = text.plist.xml; path = Info.plist; sourceTree = "<group>"; };
		3142B96B2B4CFFEE0066CD5A /* MEMETests.xctest */ = {isa = PBXFileReference; explicitFileType = wrapper.cfbundle; includeInIndex = 0; path = MEMETests.xctest; sourceTree = BUILT_PRODUCTS_DIR; };
		3142B96F2B4CFFEE0066CD5A /* MEMETests.swift */ = {isa = PBXFileReference; lastKnownFileType = sourcecode.swift; path = MEMETests.swift; sourceTree = "<group>"; };
		3142B9752B4CFFEE0066CD5A /* MEMEUITests.xctest */ = {isa = PBXFileReference; explicitFileType = wrapper.cfbundle; includeInIndex = 0; path = MEMEUITests.xctest; sourceTree = BUILT_PRODUCTS_DIR; };
		3142B9792B4CFFEE0066CD5A /* MEMEUITests.swift */ = {isa = PBXFileReference; lastKnownFileType = sourcecode.swift; path = MEMEUITests.swift; sourceTree = "<group>"; };
		3142B97B2B4CFFEE0066CD5A /* MEMEUITestsLaunchTests.swift */ = {isa = PBXFileReference; lastKnownFileType = sourcecode.swift; path = MEMEUITestsLaunchTests.swift; sourceTree = "<group>"; };
		3142B99A2B4D020E0066CD5A /* NSObject+.swift */ = {isa = PBXFileReference; lastKnownFileType = sourcecode.swift; path = "NSObject+.swift"; sourceTree = "<group>"; };
		3142B99C2B4D021A0066CD5A /* UIView+.swift */ = {isa = PBXFileReference; lastKnownFileType = sourcecode.swift; path = "UIView+.swift"; sourceTree = "<group>"; };
		3142B99E2B4D02300066CD5A /* UIFont+.swift */ = {isa = PBXFileReference; lastKnownFileType = sourcecode.swift; path = "UIFont+.swift"; sourceTree = "<group>"; };
		3142B9A12B4D037C0066CD5A /* NavigationController.swift */ = {isa = PBXFileReference; lastKnownFileType = sourcecode.swift; path = NavigationController.swift; sourceTree = "<group>"; };
		3142B9A32B4D03840066CD5A /* ModelTabBarController.swift */ = {isa = PBXFileReference; lastKnownFileType = sourcecode.swift; path = ModelTabBarController.swift; sourceTree = "<group>"; };
		3142B9A62B4D04CA0066CD5A /* LoginViewController.swift */ = {isa = PBXFileReference; lastKnownFileType = sourcecode.swift; path = LoginViewController.swift; sourceTree = "<group>"; };
		3142B9A82B4D06310066CD5A /* ArtistTabBarController.swift */ = {isa = PBXFileReference; lastKnownFileType = sourcecode.swift; path = ArtistTabBarController.swift; sourceTree = "<group>"; };
		3142B9AC2B4D07640066CD5A /* ModelReservationViewController.swift */ = {isa = PBXFileReference; lastKnownFileType = sourcecode.swift; path = ModelReservationViewController.swift; sourceTree = "<group>"; };
		3142B9AE2B4D08380066CD5A /* ArtistHomeViewController.swift */ = {isa = PBXFileReference; lastKnownFileType = sourcecode.swift; path = ArtistHomeViewController.swift; sourceTree = "<group>"; };
		3142B9B02B4D08480066CD5A /* ArtistReservationViewController.swift */ = {isa = PBXFileReference; lastKnownFileType = sourcecode.swift; path = ArtistReservationViewController.swift; sourceTree = "<group>"; };
		3142B9B32B4D089D0066CD5A /* TabBarItemType.swift */ = {isa = PBXFileReference; lastKnownFileType = sourcecode.swift; path = TabBarItemType.swift; sourceTree = "<group>"; };
		31C85EEC2B526B780064A6E7 /* OnBoardingViewController.swift */ = {isa = PBXFileReference; lastKnownFileType = sourcecode.swift; path = OnBoardingViewController.swift; sourceTree = "<group>"; };
/* End PBXFileReference section */

/* Begin PBXFrameworksBuildPhase section */
		3142B9522B4CFFED0066CD5A /* Frameworks */ = {
			isa = PBXFrameworksBuildPhase;
			buildActionMask = 2147483647;
			files = (
				3142B98A2B4D019B0066CD5A /* SnapKit in Frameworks */,
				3142B9932B4D01DF0066CD5A /* KakaoSDK in Frameworks */,
				3142B98D2B4D01A90066CD5A /* FSCalendar in Frameworks */,
				3142B9902B4D01C40066CD5A /* Moya in Frameworks */,
				3142B9972B4D01DF0066CD5A /* KakaoSDKCommon in Frameworks */,
				3142B9952B4D01DF0066CD5A /* KakaoSDKAuth in Frameworks */,
			);
			runOnlyForDeploymentPostprocessing = 0;
		};
		3142B9682B4CFFEE0066CD5A /* Frameworks */ = {
			isa = PBXFrameworksBuildPhase;
			buildActionMask = 2147483647;
			files = (
			);
			runOnlyForDeploymentPostprocessing = 0;
		};
		3142B9722B4CFFEE0066CD5A /* Frameworks */ = {
			isa = PBXFrameworksBuildPhase;
			buildActionMask = 2147483647;
			files = (
			);
			runOnlyForDeploymentPostprocessing = 0;
		};
/* End PBXFrameworksBuildPhase section */

/* Begin PBXGroup section */
		3142B94C2B4CFFED0066CD5A = {
			isa = PBXGroup;
			children = (
				3142B9572B4CFFED0066CD5A /* MEME */,
				3142B96E2B4CFFEE0066CD5A /* MEMETests */,
				3142B9782B4CFFEE0066CD5A /* MEMEUITests */,
				3142B9562B4CFFED0066CD5A /* Products */,
			);
			sourceTree = "<group>";
		};
		3142B9562B4CFFED0066CD5A /* Products */ = {
			isa = PBXGroup;
			children = (
				3142B9552B4CFFED0066CD5A /* MEME.app */,
				3142B96B2B4CFFEE0066CD5A /* MEMETests.xctest */,
				3142B9752B4CFFEE0066CD5A /* MEMEUITests.xctest */,
			);
			name = Products;
			sourceTree = "<group>";
		};
		3142B9572B4CFFED0066CD5A /* MEME */ = {
			isa = PBXGroup;
			children = (
				3142B9582B4CFFED0066CD5A /* AppDelegate.swift */,
				3142B95A2B4CFFED0066CD5A /* SceneDelegate.swift */,
				3142B9612B4CFFED0066CD5A /* Assets.xcassets */,
				3142B9662B4CFFED0066CD5A /* Info.plist */,
				3142B9632B4CFFED0066CD5A /* LaunchScreen.storyboard */,
				3142B9992B4D01FB0066CD5A /* extenstions */,
				3142B9A02B4D036D0066CD5A /* Core */,
				3142B9A52B4D04BD0066CD5A /* Login */,
				3142B9AB2B4D071E0066CD5A /* Artist */,
				3142B9AA2B4D07170066CD5A /* Model */,
			);
			path = MEME;
			sourceTree = "<group>";
		};
		3142B96E2B4CFFEE0066CD5A /* MEMETests */ = {
			isa = PBXGroup;
			children = (
				3142B96F2B4CFFEE0066CD5A /* MEMETests.swift */,
			);
			path = MEMETests;
			sourceTree = "<group>";
		};
		3142B9782B4CFFEE0066CD5A /* MEMEUITests */ = {
			isa = PBXGroup;
			children = (
				3142B9792B4CFFEE0066CD5A /* MEMEUITests.swift */,
				3142B97B2B4CFFEE0066CD5A /* MEMEUITestsLaunchTests.swift */,
			);
			path = MEMEUITests;
			sourceTree = "<group>";
		};
		3142B9992B4D01FB0066CD5A /* extenstions */ = {
			isa = PBXGroup;
			children = (
				3142B99A2B4D020E0066CD5A /* NSObject+.swift */,
				3142B99C2B4D021A0066CD5A /* UIView+.swift */,
				3142B99E2B4D02300066CD5A /* UIFont+.swift */,
			);
			path = extenstions;
			sourceTree = "<group>";
		};
		3142B9A02B4D036D0066CD5A /* Core */ = {
			isa = PBXGroup;
			children = (
				3142B9A12B4D037C0066CD5A /* NavigationController.swift */,
				3142B9B22B4D086B0066CD5A /* TabBar */,
			);
			path = Core;
			sourceTree = "<group>";
		};
		3142B9A52B4D04BD0066CD5A /* Login */ = {
			isa = PBXGroup;
			children = (
				31C85EF42B526C2E0064A6E7 /* RegistrationCompletion */,
				31C85EF32B526C200064A6E7 /* SetDetailInfo */,
				31C85EF22B526C140064A6E7 /* SetProfile */,
				31C85EF12B526BDB0064A6E7 /* RoleSelection */,
				31C85EF02B526B9F0064A6E7 /* OnBoarding */,
				31C85EEF2B526B930064A6E7 /* Login */,
				31C85EEE2B526B8F0064A6E7 /* TermsAgreement */,
			);
			path = Login;
			sourceTree = "<group>";
		};
		3142B9AA2B4D07170066CD5A /* Model */ = {
			isa = PBXGroup;
			children = (
				3142B95C2B4CFFED0066CD5A /* ModelHomeViewController.swift */,
				3142B9AC2B4D07640066CD5A /* ModelReservationViewController.swift */,
			);
			path = Model;
			sourceTree = "<group>";
		};
		3142B9AB2B4D071E0066CD5A /* Artist */ = {
			isa = PBXGroup;
			children = (
				3142B9AE2B4D08380066CD5A /* ArtistHomeViewController.swift */,
				3142B9B02B4D08480066CD5A /* ArtistReservationViewController.swift */,
			);
			path = Artist;
			sourceTree = "<group>";
		};
		3142B9B22B4D086B0066CD5A /* TabBar */ = {
			isa = PBXGroup;
			children = (
				3142B9A32B4D03840066CD5A /* ModelTabBarController.swift */,
				3142B9A82B4D06310066CD5A /* ArtistTabBarController.swift */,
				3142B9B32B4D089D0066CD5A /* TabBarItemType.swift */,
			);
			path = TabBar;
			sourceTree = "<group>";
		};
		31C85EEE2B526B8F0064A6E7 /* TermsAgreement */ = {
			isa = PBXGroup;
			children = (
			);
			path = TermsAgreement;
			sourceTree = "<group>";
		};
		31C85EEF2B526B930064A6E7 /* Login */ = {
			isa = PBXGroup;
			children = (
				3142B9A62B4D04CA0066CD5A /* LoginViewController.swift */,
			);
			path = Login;
			sourceTree = "<group>";
		};
		31C85EF02B526B9F0064A6E7 /* OnBoarding */ = {
			isa = PBXGroup;
			children = (
				31C85EEC2B526B780064A6E7 /* OnBoardingViewController.swift */,
			);
			path = OnBoarding;
			sourceTree = "<group>";
		};
		31C85EF12B526BDB0064A6E7 /* RoleSelection */ = {
			isa = PBXGroup;
			children = (
			);
			path = RoleSelection;
			sourceTree = "<group>";
		};
		31C85EF22B526C140064A6E7 /* SetProfile */ = {
			isa = PBXGroup;
			children = (
			);
			path = SetProfile;
			sourceTree = "<group>";
		};
		31C85EF32B526C200064A6E7 /* SetDetailInfo */ = {
			isa = PBXGroup;
			children = (
			);
			path = SetDetailInfo;
			sourceTree = "<group>";
		};
		31C85EF42B526C2E0064A6E7 /* RegistrationCompletion */ = {
			isa = PBXGroup;
			children = (
			);
			path = RegistrationCompletion;
			sourceTree = "<group>";
		};
/* End PBXGroup section */

/* Begin PBXNativeTarget section */
		3142B9542B4CFFED0066CD5A /* MEME */ = {
			isa = PBXNativeTarget;
			buildConfigurationList = 3142B97F2B4CFFEE0066CD5A /* Build configuration list for PBXNativeTarget "MEME" */;
			buildPhases = (
				3142B9512B4CFFED0066CD5A /* Sources */,
				3142B9522B4CFFED0066CD5A /* Frameworks */,
				3142B9532B4CFFED0066CD5A /* Resources */,
			);
			buildRules = (
			);
			dependencies = (
			);
			name = MEME;
			packageProductDependencies = (
				3142B9892B4D019B0066CD5A /* SnapKit */,
				3142B98C2B4D01A90066CD5A /* FSCalendar */,
				3142B98F2B4D01C40066CD5A /* Moya */,
				3142B9922B4D01DF0066CD5A /* KakaoSDK */,
				3142B9942B4D01DF0066CD5A /* KakaoSDKAuth */,
				3142B9962B4D01DF0066CD5A /* KakaoSDKCommon */,
			);
			productName = MEME;
			productReference = 3142B9552B4CFFED0066CD5A /* MEME.app */;
			productType = "com.apple.product-type.application";
		};
		3142B96A2B4CFFEE0066CD5A /* MEMETests */ = {
			isa = PBXNativeTarget;
			buildConfigurationList = 3142B9822B4CFFEE0066CD5A /* Build configuration list for PBXNativeTarget "MEMETests" */;
			buildPhases = (
				3142B9672B4CFFEE0066CD5A /* Sources */,
				3142B9682B4CFFEE0066CD5A /* Frameworks */,
				3142B9692B4CFFEE0066CD5A /* Resources */,
			);
			buildRules = (
			);
			dependencies = (
				3142B96D2B4CFFEE0066CD5A /* PBXTargetDependency */,
			);
			name = MEMETests;
			productName = MEMETests;
			productReference = 3142B96B2B4CFFEE0066CD5A /* MEMETests.xctest */;
			productType = "com.apple.product-type.bundle.unit-test";
		};
		3142B9742B4CFFEE0066CD5A /* MEMEUITests */ = {
			isa = PBXNativeTarget;
			buildConfigurationList = 3142B9852B4CFFEE0066CD5A /* Build configuration list for PBXNativeTarget "MEMEUITests" */;
			buildPhases = (
				3142B9712B4CFFEE0066CD5A /* Sources */,
				3142B9722B4CFFEE0066CD5A /* Frameworks */,
				3142B9732B4CFFEE0066CD5A /* Resources */,
			);
			buildRules = (
			);
			dependencies = (
				3142B9772B4CFFEE0066CD5A /* PBXTargetDependency */,
			);
			name = MEMEUITests;
			productName = MEMEUITests;
			productReference = 3142B9752B4CFFEE0066CD5A /* MEMEUITests.xctest */;
			productType = "com.apple.product-type.bundle.ui-testing";
		};
/* End PBXNativeTarget section */

/* Begin PBXProject section */
		3142B94D2B4CFFED0066CD5A /* Project object */ = {
			isa = PBXProject;
			attributes = {
				BuildIndependentTargetsInParallel = 1;
				LastSwiftUpdateCheck = 1500;
				LastUpgradeCheck = 1500;
				TargetAttributes = {
					3142B9542B4CFFED0066CD5A = {
						CreatedOnToolsVersion = 15.0.1;
					};
					3142B96A2B4CFFEE0066CD5A = {
						CreatedOnToolsVersion = 15.0.1;
						TestTargetID = 3142B9542B4CFFED0066CD5A;
					};
					3142B9742B4CFFEE0066CD5A = {
						CreatedOnToolsVersion = 15.0.1;
						TestTargetID = 3142B9542B4CFFED0066CD5A;
					};
				};
			};
			buildConfigurationList = 3142B9502B4CFFED0066CD5A /* Build configuration list for PBXProject "MEME" */;
			compatibilityVersion = "Xcode 14.0";
			developmentRegion = en;
			hasScannedForEncodings = 0;
			knownRegions = (
				en,
				Base,
			);
			mainGroup = 3142B94C2B4CFFED0066CD5A;
			packageReferences = (
				3142B9882B4D019B0066CD5A /* XCRemoteSwiftPackageReference "SnapKit" */,
				3142B98B2B4D01A90066CD5A /* XCRemoteSwiftPackageReference "FSCalendar" */,
				3142B98E2B4D01C40066CD5A /* XCRemoteSwiftPackageReference "Moya" */,
				3142B9912B4D01DF0066CD5A /* XCRemoteSwiftPackageReference "kakao-ios-sdk" */,
			);
			productRefGroup = 3142B9562B4CFFED0066CD5A /* Products */;
			projectDirPath = "";
			projectRoot = "";
			targets = (
				3142B9542B4CFFED0066CD5A /* MEME */,
				3142B96A2B4CFFEE0066CD5A /* MEMETests */,
				3142B9742B4CFFEE0066CD5A /* MEMEUITests */,
			);
		};
/* End PBXProject section */

/* Begin PBXResourcesBuildPhase section */
		3142B9532B4CFFED0066CD5A /* Resources */ = {
			isa = PBXResourcesBuildPhase;
			buildActionMask = 2147483647;
			files = (
				3142B9652B4CFFED0066CD5A /* LaunchScreen.storyboard in Resources */,
				3142B9622B4CFFED0066CD5A /* Assets.xcassets in Resources */,
			);
			runOnlyForDeploymentPostprocessing = 0;
		};
		3142B9692B4CFFEE0066CD5A /* Resources */ = {
			isa = PBXResourcesBuildPhase;
			buildActionMask = 2147483647;
			files = (
			);
			runOnlyForDeploymentPostprocessing = 0;
		};
		3142B9732B4CFFEE0066CD5A /* Resources */ = {
			isa = PBXResourcesBuildPhase;
			buildActionMask = 2147483647;
			files = (
			);
			runOnlyForDeploymentPostprocessing = 0;
		};
/* End PBXResourcesBuildPhase section */

/* Begin PBXSourcesBuildPhase section */
		3142B9512B4CFFED0066CD5A /* Sources */ = {
			isa = PBXSourcesBuildPhase;
			buildActionMask = 2147483647;
			files = (
				3142B9A92B4D06310066CD5A /* ArtistTabBarController.swift in Sources */,
				3142B9A72B4D04CA0066CD5A /* LoginViewController.swift in Sources */,
				3142B95D2B4CFFED0066CD5A /* ModelHomeViewController.swift in Sources */,
				3142B9A42B4D03840066CD5A /* ModelTabBarController.swift in Sources */,
				3142B9AD2B4D07640066CD5A /* ModelReservationViewController.swift in Sources */,
				3142B99B2B4D020E0066CD5A /* NSObject+.swift in Sources */,
				3142B9592B4CFFED0066CD5A /* AppDelegate.swift in Sources */,
				3142B95B2B4CFFED0066CD5A /* SceneDelegate.swift in Sources */,
				3142B9AF2B4D08380066CD5A /* ArtistHomeViewController.swift in Sources */,
				31C85EED2B526B780064A6E7 /* OnBoardingViewController.swift in Sources */,
				3142B99F2B4D02300066CD5A /* UIFont+.swift in Sources */,
				3142B9A22B4D037C0066CD5A /* NavigationController.swift in Sources */,
				3142B99D2B4D021A0066CD5A /* UIView+.swift in Sources */,
				3142B9B42B4D089D0066CD5A /* TabBarItemType.swift in Sources */,
				3142B9B12B4D08480066CD5A /* ArtistReservationViewController.swift in Sources */,
			);
			runOnlyForDeploymentPostprocessing = 0;
		};
		3142B9672B4CFFEE0066CD5A /* Sources */ = {
			isa = PBXSourcesBuildPhase;
			buildActionMask = 2147483647;
			files = (
				3142B9702B4CFFEE0066CD5A /* MEMETests.swift in Sources */,
			);
			runOnlyForDeploymentPostprocessing = 0;
		};
		3142B9712B4CFFEE0066CD5A /* Sources */ = {
			isa = PBXSourcesBuildPhase;
			buildActionMask = 2147483647;
			files = (
				3142B97C2B4CFFEE0066CD5A /* MEMEUITestsLaunchTests.swift in Sources */,
				3142B97A2B4CFFEE0066CD5A /* MEMEUITests.swift in Sources */,
			);
			runOnlyForDeploymentPostprocessing = 0;
		};
/* End PBXSourcesBuildPhase section */

/* Begin PBXTargetDependency section */
		3142B96D2B4CFFEE0066CD5A /* PBXTargetDependency */ = {
			isa = PBXTargetDependency;
			target = 3142B9542B4CFFED0066CD5A /* MEME */;
			targetProxy = 3142B96C2B4CFFEE0066CD5A /* PBXContainerItemProxy */;
		};
		3142B9772B4CFFEE0066CD5A /* PBXTargetDependency */ = {
			isa = PBXTargetDependency;
			target = 3142B9542B4CFFED0066CD5A /* MEME */;
			targetProxy = 3142B9762B4CFFEE0066CD5A /* PBXContainerItemProxy */;
		};
/* End PBXTargetDependency section */

/* Begin PBXVariantGroup section */
		3142B9632B4CFFED0066CD5A /* LaunchScreen.storyboard */ = {
			isa = PBXVariantGroup;
			children = (
				3142B9642B4CFFED0066CD5A /* Base */,
			);
			name = LaunchScreen.storyboard;
			sourceTree = "<group>";
		};
/* End PBXVariantGroup section */

/* Begin XCBuildConfiguration section */
		3142B97D2B4CFFEE0066CD5A /* Debug */ = {
			isa = XCBuildConfiguration;
			buildSettings = {
				ALWAYS_SEARCH_USER_PATHS = NO;
				ASSETCATALOG_COMPILER_GENERATE_SWIFT_ASSET_SYMBOL_EXTENSIONS = YES;
				CLANG_ANALYZER_NONNULL = YES;
				CLANG_ANALYZER_NUMBER_OBJECT_CONVERSION = YES_AGGRESSIVE;
				CLANG_CXX_LANGUAGE_STANDARD = "gnu++20";
				CLANG_ENABLE_MODULES = YES;
				CLANG_ENABLE_OBJC_ARC = YES;
				CLANG_ENABLE_OBJC_WEAK = YES;
				CLANG_WARN_BLOCK_CAPTURE_AUTORELEASING = YES;
				CLANG_WARN_BOOL_CONVERSION = YES;
				CLANG_WARN_COMMA = YES;
				CLANG_WARN_CONSTANT_CONVERSION = YES;
				CLANG_WARN_DEPRECATED_OBJC_IMPLEMENTATIONS = YES;
				CLANG_WARN_DIRECT_OBJC_ISA_USAGE = YES_ERROR;
				CLANG_WARN_DOCUMENTATION_COMMENTS = YES;
				CLANG_WARN_EMPTY_BODY = YES;
				CLANG_WARN_ENUM_CONVERSION = YES;
				CLANG_WARN_INFINITE_RECURSION = YES;
				CLANG_WARN_INT_CONVERSION = YES;
				CLANG_WARN_NON_LITERAL_NULL_CONVERSION = YES;
				CLANG_WARN_OBJC_IMPLICIT_RETAIN_SELF = YES;
				CLANG_WARN_OBJC_LITERAL_CONVERSION = YES;
				CLANG_WARN_OBJC_ROOT_CLASS = YES_ERROR;
				CLANG_WARN_QUOTED_INCLUDE_IN_FRAMEWORK_HEADER = YES;
				CLANG_WARN_RANGE_LOOP_ANALYSIS = YES;
				CLANG_WARN_STRICT_PROTOTYPES = YES;
				CLANG_WARN_SUSPICIOUS_MOVE = YES;
				CLANG_WARN_UNGUARDED_AVAILABILITY = YES_AGGRESSIVE;
				CLANG_WARN_UNREACHABLE_CODE = YES;
				CLANG_WARN__DUPLICATE_METHOD_MATCH = YES;
				COPY_PHASE_STRIP = NO;
				DEBUG_INFORMATION_FORMAT = dwarf;
				ENABLE_STRICT_OBJC_MSGSEND = YES;
				ENABLE_TESTABILITY = YES;
				ENABLE_USER_SCRIPT_SANDBOXING = YES;
				GCC_C_LANGUAGE_STANDARD = gnu17;
				GCC_DYNAMIC_NO_PIC = NO;
				GCC_NO_COMMON_BLOCKS = YES;
				GCC_OPTIMIZATION_LEVEL = 0;
				GCC_PREPROCESSOR_DEFINITIONS = (
					"DEBUG=1",
					"$(inherited)",
				);
				GCC_WARN_64_TO_32_BIT_CONVERSION = YES;
				GCC_WARN_ABOUT_RETURN_TYPE = YES_ERROR;
				GCC_WARN_UNDECLARED_SELECTOR = YES;
				GCC_WARN_UNINITIALIZED_AUTOS = YES_AGGRESSIVE;
				GCC_WARN_UNUSED_FUNCTION = YES;
				GCC_WARN_UNUSED_VARIABLE = YES;
				IPHONEOS_DEPLOYMENT_TARGET = 17.0;
				LOCALIZATION_PREFERS_STRING_CATALOGS = YES;
				MTL_ENABLE_DEBUG_INFO = INCLUDE_SOURCE;
				MTL_FAST_MATH = YES;
				ONLY_ACTIVE_ARCH = YES;
				SDKROOT = iphoneos;
				SWIFT_ACTIVE_COMPILATION_CONDITIONS = "DEBUG $(inherited)";
				SWIFT_OPTIMIZATION_LEVEL = "-Onone";
			};
			name = Debug;
		};
		3142B97E2B4CFFEE0066CD5A /* Release */ = {
			isa = XCBuildConfiguration;
			buildSettings = {
				ALWAYS_SEARCH_USER_PATHS = NO;
				ASSETCATALOG_COMPILER_GENERATE_SWIFT_ASSET_SYMBOL_EXTENSIONS = YES;
				CLANG_ANALYZER_NONNULL = YES;
				CLANG_ANALYZER_NUMBER_OBJECT_CONVERSION = YES_AGGRESSIVE;
				CLANG_CXX_LANGUAGE_STANDARD = "gnu++20";
				CLANG_ENABLE_MODULES = YES;
				CLANG_ENABLE_OBJC_ARC = YES;
				CLANG_ENABLE_OBJC_WEAK = YES;
				CLANG_WARN_BLOCK_CAPTURE_AUTORELEASING = YES;
				CLANG_WARN_BOOL_CONVERSION = YES;
				CLANG_WARN_COMMA = YES;
				CLANG_WARN_CONSTANT_CONVERSION = YES;
				CLANG_WARN_DEPRECATED_OBJC_IMPLEMENTATIONS = YES;
				CLANG_WARN_DIRECT_OBJC_ISA_USAGE = YES_ERROR;
				CLANG_WARN_DOCUMENTATION_COMMENTS = YES;
				CLANG_WARN_EMPTY_BODY = YES;
				CLANG_WARN_ENUM_CONVERSION = YES;
				CLANG_WARN_INFINITE_RECURSION = YES;
				CLANG_WARN_INT_CONVERSION = YES;
				CLANG_WARN_NON_LITERAL_NULL_CONVERSION = YES;
				CLANG_WARN_OBJC_IMPLICIT_RETAIN_SELF = YES;
				CLANG_WARN_OBJC_LITERAL_CONVERSION = YES;
				CLANG_WARN_OBJC_ROOT_CLASS = YES_ERROR;
				CLANG_WARN_QUOTED_INCLUDE_IN_FRAMEWORK_HEADER = YES;
				CLANG_WARN_RANGE_LOOP_ANALYSIS = YES;
				CLANG_WARN_STRICT_PROTOTYPES = YES;
				CLANG_WARN_SUSPICIOUS_MOVE = YES;
				CLANG_WARN_UNGUARDED_AVAILABILITY = YES_AGGRESSIVE;
				CLANG_WARN_UNREACHABLE_CODE = YES;
				CLANG_WARN__DUPLICATE_METHOD_MATCH = YES;
				COPY_PHASE_STRIP = NO;
				DEBUG_INFORMATION_FORMAT = "dwarf-with-dsym";
				ENABLE_NS_ASSERTIONS = NO;
				ENABLE_STRICT_OBJC_MSGSEND = YES;
				ENABLE_USER_SCRIPT_SANDBOXING = YES;
				GCC_C_LANGUAGE_STANDARD = gnu17;
				GCC_NO_COMMON_BLOCKS = YES;
				GCC_WARN_64_TO_32_BIT_CONVERSION = YES;
				GCC_WARN_ABOUT_RETURN_TYPE = YES_ERROR;
				GCC_WARN_UNDECLARED_SELECTOR = YES;
				GCC_WARN_UNINITIALIZED_AUTOS = YES_AGGRESSIVE;
				GCC_WARN_UNUSED_FUNCTION = YES;
				GCC_WARN_UNUSED_VARIABLE = YES;
				IPHONEOS_DEPLOYMENT_TARGET = 17.0;
				LOCALIZATION_PREFERS_STRING_CATALOGS = YES;
				MTL_ENABLE_DEBUG_INFO = NO;
				MTL_FAST_MATH = YES;
				SDKROOT = iphoneos;
				SWIFT_COMPILATION_MODE = wholemodule;
				VALIDATE_PRODUCT = YES;
			};
			name = Release;
		};
		3142B9802B4CFFEE0066CD5A /* Debug */ = {
			isa = XCBuildConfiguration;
			buildSettings = {
				ASSETCATALOG_COMPILER_APPICON_NAME = AppIcon;
				ASSETCATALOG_COMPILER_GLOBAL_ACCENT_COLOR_NAME = AccentColor;
				CODE_SIGN_STYLE = Automatic;
				CURRENT_PROJECT_VERSION = 1;
				GENERATE_INFOPLIST_FILE = YES;
				INFOPLIST_FILE = MEME/Info.plist;
				INFOPLIST_KEY_UIApplicationSupportsIndirectInputEvents = YES;
				INFOPLIST_KEY_UILaunchStoryboardName = LaunchScreen;
				INFOPLIST_KEY_UIMainStoryboardFile = "";
				INFOPLIST_KEY_UISupportedInterfaceOrientations = UIInterfaceOrientationPortrait;
				INFOPLIST_KEY_UISupportedInterfaceOrientations_iPad = "UIInterfaceOrientationLandscapeLeft UIInterfaceOrientationLandscapeRight UIInterfaceOrientationPortrait UIInterfaceOrientationPortraitUpsideDown";
				IPHONEOS_DEPLOYMENT_TARGET = 16.0;
				LD_RUNPATH_SEARCH_PATHS = (
					"$(inherited)",
					"@executable_path/Frameworks",
				);
				MARKETING_VERSION = 1.0;
				PRODUCT_BUNDLE_IDENTIFIER = umc.MEME;
				PRODUCT_NAME = "$(TARGET_NAME)";
				SUPPORTED_PLATFORMS = "iphoneos iphonesimulator";
				SUPPORTS_MACCATALYST = NO;
				SUPPORTS_MAC_DESIGNED_FOR_IPHONE_IPAD = NO;
				SWIFT_EMIT_LOC_STRINGS = YES;
				SWIFT_VERSION = 5.0;
				TARGETED_DEVICE_FAMILY = 1;
			};
			name = Debug;
		};
		3142B9812B4CFFEE0066CD5A /* Release */ = {
			isa = XCBuildConfiguration;
			buildSettings = {
				ASSETCATALOG_COMPILER_APPICON_NAME = AppIcon;
				ASSETCATALOG_COMPILER_GLOBAL_ACCENT_COLOR_NAME = AccentColor;
				CODE_SIGN_STYLE = Automatic;
				CURRENT_PROJECT_VERSION = 1;
				GENERATE_INFOPLIST_FILE = YES;
				INFOPLIST_FILE = MEME/Info.plist;
				INFOPLIST_KEY_UIApplicationSupportsIndirectInputEvents = YES;
				INFOPLIST_KEY_UILaunchStoryboardName = LaunchScreen;
				INFOPLIST_KEY_UIMainStoryboardFile = "";
				INFOPLIST_KEY_UISupportedInterfaceOrientations = UIInterfaceOrientationPortrait;
				INFOPLIST_KEY_UISupportedInterfaceOrientations_iPad = "UIInterfaceOrientationLandscapeLeft UIInterfaceOrientationLandscapeRight UIInterfaceOrientationPortrait UIInterfaceOrientationPortraitUpsideDown";
				IPHONEOS_DEPLOYMENT_TARGET = 16.0;
				LD_RUNPATH_SEARCH_PATHS = (
					"$(inherited)",
					"@executable_path/Frameworks",
				);
				MARKETING_VERSION = 1.0;
				PRODUCT_BUNDLE_IDENTIFIER = umc.MEME;
				PRODUCT_NAME = "$(TARGET_NAME)";
				SUPPORTED_PLATFORMS = "iphoneos iphonesimulator";
				SUPPORTS_MACCATALYST = NO;
				SUPPORTS_MAC_DESIGNED_FOR_IPHONE_IPAD = NO;
				SWIFT_EMIT_LOC_STRINGS = YES;
				SWIFT_VERSION = 5.0;
				TARGETED_DEVICE_FAMILY = 1;
			};
			name = Release;
		};
		3142B9832B4CFFEE0066CD5A /* Debug */ = {
			isa = XCBuildConfiguration;
			buildSettings = {
				ALWAYS_EMBED_SWIFT_STANDARD_LIBRARIES = YES;
				BUNDLE_LOADER = "$(TEST_HOST)";
				CODE_SIGN_STYLE = Automatic;
				CURRENT_PROJECT_VERSION = 1;
				GENERATE_INFOPLIST_FILE = YES;
				IPHONEOS_DEPLOYMENT_TARGET = 17.0;
				MARKETING_VERSION = 1.0;
				PRODUCT_BUNDLE_IDENTIFIER = meme.MEMETests;
				PRODUCT_NAME = "$(TARGET_NAME)";
				SWIFT_EMIT_LOC_STRINGS = NO;
				SWIFT_VERSION = 5.0;
				TARGETED_DEVICE_FAMILY = "1,2";
				TEST_HOST = "$(BUILT_PRODUCTS_DIR)/MEME.app/$(BUNDLE_EXECUTABLE_FOLDER_PATH)/MEME";
			};
			name = Debug;
		};
		3142B9842B4CFFEE0066CD5A /* Release */ = {
			isa = XCBuildConfiguration;
			buildSettings = {
				ALWAYS_EMBED_SWIFT_STANDARD_LIBRARIES = YES;
				BUNDLE_LOADER = "$(TEST_HOST)";
				CODE_SIGN_STYLE = Automatic;
				CURRENT_PROJECT_VERSION = 1;
				GENERATE_INFOPLIST_FILE = YES;
				IPHONEOS_DEPLOYMENT_TARGET = 17.0;
				MARKETING_VERSION = 1.0;
				PRODUCT_BUNDLE_IDENTIFIER = meme.MEMETests;
				PRODUCT_NAME = "$(TARGET_NAME)";
				SWIFT_EMIT_LOC_STRINGS = NO;
				SWIFT_VERSION = 5.0;
				TARGETED_DEVICE_FAMILY = "1,2";
				TEST_HOST = "$(BUILT_PRODUCTS_DIR)/MEME.app/$(BUNDLE_EXECUTABLE_FOLDER_PATH)/MEME";
			};
			name = Release;
		};
		3142B9862B4CFFEE0066CD5A /* Debug */ = {
			isa = XCBuildConfiguration;
			buildSettings = {
				ALWAYS_EMBED_SWIFT_STANDARD_LIBRARIES = YES;
				CODE_SIGN_STYLE = Automatic;
				CURRENT_PROJECT_VERSION = 1;
				GENERATE_INFOPLIST_FILE = YES;
				MARKETING_VERSION = 1.0;
				PRODUCT_BUNDLE_IDENTIFIER = meme.MEMEUITests;
				PRODUCT_NAME = "$(TARGET_NAME)";
				SWIFT_EMIT_LOC_STRINGS = NO;
				SWIFT_VERSION = 5.0;
				TARGETED_DEVICE_FAMILY = "1,2";
				TEST_TARGET_NAME = MEME;
			};
			name = Debug;
		};
		3142B9872B4CFFEE0066CD5A /* Release */ = {
			isa = XCBuildConfiguration;
			buildSettings = {
				ALWAYS_EMBED_SWIFT_STANDARD_LIBRARIES = YES;
				CODE_SIGN_STYLE = Automatic;
				CURRENT_PROJECT_VERSION = 1;
				GENERATE_INFOPLIST_FILE = YES;
				MARKETING_VERSION = 1.0;
				PRODUCT_BUNDLE_IDENTIFIER = meme.MEMEUITests;
				PRODUCT_NAME = "$(TARGET_NAME)";
				SWIFT_EMIT_LOC_STRINGS = NO;
				SWIFT_VERSION = 5.0;
				TARGETED_DEVICE_FAMILY = "1,2";
				TEST_TARGET_NAME = MEME;
			};
			name = Release;
		};
/* End XCBuildConfiguration section */

/* Begin XCConfigurationList section */
		3142B9502B4CFFED0066CD5A /* Build configuration list for PBXProject "MEME" */ = {
			isa = XCConfigurationList;
			buildConfigurations = (
				3142B97D2B4CFFEE0066CD5A /* Debug */,
				3142B97E2B4CFFEE0066CD5A /* Release */,
			);
			defaultConfigurationIsVisible = 0;
			defaultConfigurationName = Release;
		};
		3142B97F2B4CFFEE0066CD5A /* Build configuration list for PBXNativeTarget "MEME" */ = {
			isa = XCConfigurationList;
			buildConfigurations = (
				3142B9802B4CFFEE0066CD5A /* Debug */,
				3142B9812B4CFFEE0066CD5A /* Release */,
			);
			defaultConfigurationIsVisible = 0;
			defaultConfigurationName = Release;
		};
		3142B9822B4CFFEE0066CD5A /* Build configuration list for PBXNativeTarget "MEMETests" */ = {
			isa = XCConfigurationList;
			buildConfigurations = (
				3142B9832B4CFFEE0066CD5A /* Debug */,
				3142B9842B4CFFEE0066CD5A /* Release */,
			);
			defaultConfigurationIsVisible = 0;
			defaultConfigurationName = Release;
		};
		3142B9852B4CFFEE0066CD5A /* Build configuration list for PBXNativeTarget "MEMEUITests" */ = {
			isa = XCConfigurationList;
			buildConfigurations = (
				3142B9862B4CFFEE0066CD5A /* Debug */,
				3142B9872B4CFFEE0066CD5A /* Release */,
			);
			defaultConfigurationIsVisible = 0;
			defaultConfigurationName = Release;
		};
/* End XCConfigurationList section */

/* Begin XCRemoteSwiftPackageReference section */
		3142B9882B4D019B0066CD5A /* XCRemoteSwiftPackageReference "SnapKit" */ = {
			isa = XCRemoteSwiftPackageReference;
			repositoryURL = "https://github.com/SnapKit/SnapKit.git";
			requirement = {
				kind = upToNextMajorVersion;
				minimumVersion = 5.7.0;
			};
		};
		3142B98B2B4D01A90066CD5A /* XCRemoteSwiftPackageReference "FSCalendar" */ = {
			isa = XCRemoteSwiftPackageReference;
			repositoryURL = "https://github.com/WenchaoD/FSCalendar.git";
			requirement = {
				kind = upToNextMajorVersion;
				minimumVersion = 2.8.4;
			};
		};
		3142B98E2B4D01C40066CD5A /* XCRemoteSwiftPackageReference "Moya" */ = {
			isa = XCRemoteSwiftPackageReference;
			repositoryURL = "https://github.com/Moya/Moya.git";
			requirement = {
				kind = upToNextMajorVersion;
				minimumVersion = 15.0.3;
			};
		};
		3142B9912B4D01DF0066CD5A /* XCRemoteSwiftPackageReference "kakao-ios-sdk" */ = {
			isa = XCRemoteSwiftPackageReference;
			repositoryURL = "https://github.com/kakao/kakao-ios-sdk";
			requirement = {
				kind = upToNextMajorVersion;
				minimumVersion = 2.20.0;
			};
		};
/* End XCRemoteSwiftPackageReference section */

/* Begin XCSwiftPackageProductDependency section */
		3142B9892B4D019B0066CD5A /* SnapKit */ = {
			isa = XCSwiftPackageProductDependency;
			package = 3142B9882B4D019B0066CD5A /* XCRemoteSwiftPackageReference "SnapKit" */;
			productName = SnapKit;
		};
		3142B98C2B4D01A90066CD5A /* FSCalendar */ = {
			isa = XCSwiftPackageProductDependency;
			package = 3142B98B2B4D01A90066CD5A /* XCRemoteSwiftPackageReference "FSCalendar" */;
			productName = FSCalendar;
		};
		3142B98F2B4D01C40066CD5A /* Moya */ = {
			isa = XCSwiftPackageProductDependency;
			package = 3142B98E2B4D01C40066CD5A /* XCRemoteSwiftPackageReference "Moya" */;
			productName = Moya;
		};
		3142B9922B4D01DF0066CD5A /* KakaoSDK */ = {
			isa = XCSwiftPackageProductDependency;
			package = 3142B9912B4D01DF0066CD5A /* XCRemoteSwiftPackageReference "kakao-ios-sdk" */;
			productName = KakaoSDK;
		};
		3142B9942B4D01DF0066CD5A /* KakaoSDKAuth */ = {
			isa = XCSwiftPackageProductDependency;
			package = 3142B9912B4D01DF0066CD5A /* XCRemoteSwiftPackageReference "kakao-ios-sdk" */;
			productName = KakaoSDKAuth;
		};
		3142B9962B4D01DF0066CD5A /* KakaoSDKCommon */ = {
			isa = XCSwiftPackageProductDependency;
			package = 3142B9912B4D01DF0066CD5A /* XCRemoteSwiftPackageReference "kakao-ios-sdk" */;
			productName = KakaoSDKCommon;
		};
/* End XCSwiftPackageProductDependency section */
	};
	rootObject = 3142B94D2B4CFFED0066CD5A /* Project object */;
}
