// !$*UTF8*$!
{
	archiveVersion = 1;
	classes = {
	};
	objectVersion = 56;
	objects = {

/* Begin PBXBuildFile section */
		312B304C2B550FF9008D17FC /* Pretendard-Black.otf in Resources */ = {isa = PBXBuildFile; fileRef = 314F74F02B52DE1900CACF20 /* Pretendard-Black.otf */; };
		312B304D2B550FF9008D17FC /* Pretendard-Light.otf in Resources */ = {isa = PBXBuildFile; fileRef = 314F74EE2B52DE1900CACF20 /* Pretendard-Light.otf */; };
		312B304E2B550FF9008D17FC /* Pretendard-Medium.otf in Resources */ = {isa = PBXBuildFile; fileRef = 314F74EB2B52DE1900CACF20 /* Pretendard-Medium.otf */; };
		312B304F2B550FF9008D17FC /* Pretendard-Bold.otf in Resources */ = {isa = PBXBuildFile; fileRef = 314F74EF2B52DE1900CACF20 /* Pretendard-Bold.otf */; };
		312B30502B550FF9008D17FC /* Pretendard-ExtraLight.otf in Resources */ = {isa = PBXBuildFile; fileRef = 314F74EC2B52DE1900CACF20 /* Pretendard-ExtraLight.otf */; };
		312B30512B550FF9008D17FC /* Pretendard-SemiBold.otf in Resources */ = {isa = PBXBuildFile; fileRef = 314F74F12B52DE1900CACF20 /* Pretendard-SemiBold.otf */; };
		312B30522B550FF9008D17FC /* Pretendard-Thin.otf in Resources */ = {isa = PBXBuildFile; fileRef = 314F74EA2B52DE1900CACF20 /* Pretendard-Thin.otf */; };
		312B30532B550FF9008D17FC /* Pretendard-ExtraBold.otf in Resources */ = {isa = PBXBuildFile; fileRef = 314F74ED2B52DE1900CACF20 /* Pretendard-ExtraBold.otf */; };
		312B30542B550FF9008D17FC /* Pretendard-Regular.otf in Resources */ = {isa = PBXBuildFile; fileRef = 314F74F22B52DE1900CACF20 /* Pretendard-Regular.otf */; };
		3142B9592B4CFFED0066CD5A /* AppDelegate.swift in Sources */ = {isa = PBXBuildFile; fileRef = 3142B9582B4CFFED0066CD5A /* AppDelegate.swift */; };
		3142B95B2B4CFFED0066CD5A /* SceneDelegate.swift in Sources */ = {isa = PBXBuildFile; fileRef = 3142B95A2B4CFFED0066CD5A /* SceneDelegate.swift */; };
		3142B95D2B4CFFED0066CD5A /* ModelHomeViewController.swift in Sources */ = {isa = PBXBuildFile; fileRef = 3142B95C2B4CFFED0066CD5A /* ModelHomeViewController.swift */; };
		3142B9622B4CFFED0066CD5A /* Assets.xcassets in Resources */ = {isa = PBXBuildFile; fileRef = 3142B9612B4CFFED0066CD5A /* Assets.xcassets */; };
		3142B9652B4CFFED0066CD5A /* LaunchScreen.storyboard in Resources */ = {isa = PBXBuildFile; fileRef = 3142B9632B4CFFED0066CD5A /* LaunchScreen.storyboard */; };
		3142B9702B4CFFEE0066CD5A /* MEMETests.swift in Sources */ = {isa = PBXBuildFile; fileRef = 3142B96F2B4CFFEE0066CD5A /* MEMETests.swift */; };
		3142B97A2B4CFFEE0066CD5A /* MEMEUITests.swift in Sources */ = {isa = PBXBuildFile; fileRef = 3142B9792B4CFFEE0066CD5A /* MEMEUITests.swift */; };
		3142B97C2B4CFFEE0066CD5A /* MEMEUITestsLaunchTests.swift in Sources */ = {isa = PBXBuildFile; fileRef = 3142B97B2B4CFFEE0066CD5A /* MEMEUITestsLaunchTests.swift */; };
		3142B98A2B4D019B0066CD5A /* SnapKit in Frameworks */ = {isa = PBXBuildFile; productRef = 3142B9892B4D019B0066CD5A /* SnapKit */; };
		3142B98D2B4D01A90066CD5A /* FSCalendar in Frameworks */ = {isa = PBXBuildFile; productRef = 3142B98C2B4D01A90066CD5A /* FSCalendar */; };
		3142B9902B4D01C40066CD5A /* Moya in Frameworks */ = {isa = PBXBuildFile; productRef = 3142B98F2B4D01C40066CD5A /* Moya */; };
		3142B9932B4D01DF0066CD5A /* KakaoSDK in Frameworks */ = {isa = PBXBuildFile; productRef = 3142B9922B4D01DF0066CD5A /* KakaoSDK */; };
		3142B9952B4D01DF0066CD5A /* KakaoSDKAuth in Frameworks */ = {isa = PBXBuildFile; productRef = 3142B9942B4D01DF0066CD5A /* KakaoSDKAuth */; };
		3142B9972B4D01DF0066CD5A /* KakaoSDKCommon in Frameworks */ = {isa = PBXBuildFile; productRef = 3142B9962B4D01DF0066CD5A /* KakaoSDKCommon */; };
		3142B99B2B4D020E0066CD5A /* NSObject+.swift in Sources */ = {isa = PBXBuildFile; fileRef = 3142B99A2B4D020E0066CD5A /* NSObject+.swift */; };
		3142B99D2B4D021A0066CD5A /* UIView+.swift in Sources */ = {isa = PBXBuildFile; fileRef = 3142B99C2B4D021A0066CD5A /* UIView+.swift */; };
		3142B99F2B4D02300066CD5A /* UIFont+.swift in Sources */ = {isa = PBXBuildFile; fileRef = 3142B99E2B4D02300066CD5A /* UIFont+.swift */; };
		3142B9A22B4D037C0066CD5A /* NavigationController.swift in Sources */ = {isa = PBXBuildFile; fileRef = 3142B9A12B4D037C0066CD5A /* NavigationController.swift */; };
		3142B9A42B4D03840066CD5A /* ModelTabBarController.swift in Sources */ = {isa = PBXBuildFile; fileRef = 3142B9A32B4D03840066CD5A /* ModelTabBarController.swift */; };
		3142B9A72B4D04CA0066CD5A /* LoginViewController.swift in Sources */ = {isa = PBXBuildFile; fileRef = 3142B9A62B4D04CA0066CD5A /* LoginViewController.swift */; };
		3142B9A92B4D06310066CD5A /* ArtistTabBarController.swift in Sources */ = {isa = PBXBuildFile; fileRef = 3142B9A82B4D06310066CD5A /* ArtistTabBarController.swift */; };
		3142B9AD2B4D07640066CD5A /* ModelReservationViewController.swift in Sources */ = {isa = PBXBuildFile; fileRef = 3142B9AC2B4D07640066CD5A /* ModelReservationViewController.swift */; };
		3142B9AF2B4D08380066CD5A /* ArtistHomeViewController.swift in Sources */ = {isa = PBXBuildFile; fileRef = 3142B9AE2B4D08380066CD5A /* ArtistHomeViewController.swift */; };
		3142B9B12B4D08480066CD5A /* ArtistReservationViewController.swift in Sources */ = {isa = PBXBuildFile; fileRef = 3142B9B02B4D08480066CD5A /* ArtistReservationViewController.swift */; };
		3142B9B42B4D089D0066CD5A /* TabBarItemType.swift in Sources */ = {isa = PBXBuildFile; fileRef = 3142B9B32B4D089D0066CD5A /* TabBarItemType.swift */; };
		31B263432B57EDE300304FBE /* TermsAgreementViewController.swift in Sources */ = {isa = PBXBuildFile; fileRef = 31B2633F2B57EDE300304FBE /* TermsAgreementViewController.swift */; };
		31B263442B57EDE300304FBE /* TermDetailViewController.xib in Resources */ = {isa = PBXBuildFile; fileRef = 31B263402B57EDE300304FBE /* TermDetailViewController.xib */; };
		31B263452B57EDE300304FBE /* TermDetailViewController.swift in Sources */ = {isa = PBXBuildFile; fileRef = 31B263412B57EDE300304FBE /* TermDetailViewController.swift */; };
		31B263462B57EDE300304FBE /* TermsAgreementViewController.xib in Resources */ = {isa = PBXBuildFile; fileRef = 31B263422B57EDE300304FBE /* TermsAgreementViewController.xib */; };
		31B263482B57EE4800304FBE /* LoginViewController.xib in Resources */ = {isa = PBXBuildFile; fileRef = 31B263472B57EE4800304FBE /* LoginViewController.xib */; };
		31B2634B2B57EE7100304FBE /* RoleSelectionViewController.xib in Resources */ = {isa = PBXBuildFile; fileRef = 31B263492B57EE7100304FBE /* RoleSelectionViewController.xib */; };
		31B2634C2B57EE7100304FBE /* RoleSelectionViewController.swift in Sources */ = {isa = PBXBuildFile; fileRef = 31B2634A2B57EE7100304FBE /* RoleSelectionViewController.swift */; };
		31B2634F2B57EE7D00304FBE /* SetProfileViewController.swift in Sources */ = {isa = PBXBuildFile; fileRef = 31B2634D2B57EE7D00304FBE /* SetProfileViewController.swift */; };
		31B263502B57EE7D00304FBE /* SetProfileViewController.xib in Resources */ = {isa = PBXBuildFile; fileRef = 31B2634E2B57EE7D00304FBE /* SetProfileViewController.xib */; };
		31B263532B57EE8600304FBE /* SetDetailInfoViewController.xib in Resources */ = {isa = PBXBuildFile; fileRef = 31B263512B57EE8600304FBE /* SetDetailInfoViewController.xib */; };
		31B263542B57EE8600304FBE /* SetDetailInfoViewController.swift in Sources */ = {isa = PBXBuildFile; fileRef = 31B263522B57EE8600304FBE /* SetDetailInfoViewController.swift */; };
		31B263572B57EE9500304FBE /* RegistrationCompletionViewController.xib in Resources */ = {isa = PBXBuildFile; fileRef = 31B263552B57EE9500304FBE /* RegistrationCompletionViewController.xib */; };
		31B263582B57EE9500304FBE /* RegistrationCompletionViewController.swift in Sources */ = {isa = PBXBuildFile; fileRef = 31B263562B57EE9500304FBE /* RegistrationCompletionViewController.swift */; };
		31B263622B57EEBD00304FBE /* DetailSettingView.swift in Sources */ = {isa = PBXBuildFile; fileRef = 31B2635A2B57EEBC00304FBE /* DetailSettingView.swift */; };
		31B263652B57EEBD00304FBE /* RegisterProgressBar.swift in Sources */ = {isa = PBXBuildFile; fileRef = 31B2635D2B57EEBC00304FBE /* RegisterProgressBar.swift */; };
		31B263662B57EEBD00304FBE /* DetailSettingView.xib in Resources */ = {isa = PBXBuildFile; fileRef = 31B2635E2B57EEBC00304FBE /* DetailSettingView.xib */; };
		31B263672B57EEBD00304FBE /* RegisterProgressBar.xib in Resources */ = {isa = PBXBuildFile; fileRef = 31B2635F2B57EEBC00304FBE /* RegisterProgressBar.xib */; };
		31B263682B57EEBD00304FBE /* DetailSettingView.swift in Sources */ = {isa = PBXBuildFile; fileRef = 31B263602B57EEBC00304FBE /* DetailSettingView.swift */; };
		31B263692B57EEBD00304FBE /* RegisterProgressBar.swift in Sources */ = {isa = PBXBuildFile; fileRef = 31B263612B57EEBC00304FBE /* RegisterProgressBar.swift */; };
		31B2636D2B57EECB00304FBE /* BusinessRegistrationViewController.swift in Sources */ = {isa = PBXBuildFile; fileRef = 31B2636B2B57EECB00304FBE /* BusinessRegistrationViewController.swift */; };
		31B2636E2B57EECB00304FBE /* BusinessRegistrationViewController.xib in Resources */ = {isa = PBXBuildFile; fileRef = 31B2636C2B57EECB00304FBE /* BusinessRegistrationViewController.xib */; };
		31C85EED2B526B780064A6E7 /* OnBoardingViewController.swift in Sources */ = {isa = PBXBuildFile; fileRef = 31C85EEC2B526B780064A6E7 /* OnBoardingViewController.swift */; };
		31C85EF62B526D200064A6E7 /* OnBoardingViewController.xib in Resources */ = {isa = PBXBuildFile; fileRef = 31C85EF52B526D200064A6E7 /* OnBoardingViewController.xib */; };
		31F6F8332B52AF8600EC621D /* OnboardingCollectionViewCell.swift in Sources */ = {isa = PBXBuildFile; fileRef = 31F6F8322B52AF8600EC621D /* OnboardingCollectionViewCell.swift */; };
		31F6F8462B52C7A500EC621D /* NavigationBarView.xib in Resources */ = {isa = PBXBuildFile; fileRef = 31F6F8452B52C7A500EC621D /* NavigationBarView.xib */; };
		31F6F8482B52C7B800EC621D /* NavigationBarView.swift in Sources */ = {isa = PBXBuildFile; fileRef = 31F6F8472B52C7B800EC621D /* NavigationBarView.swift */; };
/* End PBXBuildFile section */

/* Begin PBXContainerItemProxy section */
		3142B96C2B4CFFEE0066CD5A /* PBXContainerItemProxy */ = {
			isa = PBXContainerItemProxy;
			containerPortal = 3142B94D2B4CFFED0066CD5A /* Project object */;
			proxyType = 1;
			remoteGlobalIDString = 3142B9542B4CFFED0066CD5A;
			remoteInfo = MEME;
		};
		3142B9762B4CFFEE0066CD5A /* PBXContainerItemProxy */ = {
			isa = PBXContainerItemProxy;
			containerPortal = 3142B94D2B4CFFED0066CD5A /* Project object */;
			proxyType = 1;
			remoteGlobalIDString = 3142B9542B4CFFED0066CD5A;
			remoteInfo = MEME;
		};
/* End PBXContainerItemProxy section */

/* Begin PBXFileReference section */
		3142B9552B4CFFED0066CD5A /* MEME.app */ = {isa = PBXFileReference; explicitFileType = wrapper.application; includeInIndex = 0; path = MEME.app; sourceTree = BUILT_PRODUCTS_DIR; };
		3142B9582B4CFFED0066CD5A /* AppDelegate.swift */ = {isa = PBXFileReference; lastKnownFileType = sourcecode.swift; path = AppDelegate.swift; sourceTree = "<group>"; };
		3142B95A2B4CFFED0066CD5A /* SceneDelegate.swift */ = {isa = PBXFileReference; lastKnownFileType = sourcecode.swift; path = SceneDelegate.swift; sourceTree = "<group>"; };
		3142B95C2B4CFFED0066CD5A /* ModelHomeViewController.swift */ = {isa = PBXFileReference; lastKnownFileType = sourcecode.swift; path = ModelHomeViewController.swift; sourceTree = "<group>"; };
		3142B9612B4CFFED0066CD5A /* Assets.xcassets */ = {isa = PBXFileReference; lastKnownFileType = folder.assetcatalog; path = Assets.xcassets; sourceTree = "<group>"; };
		3142B9642B4CFFED0066CD5A /* Base */ = {isa = PBXFileReference; lastKnownFileType = file.storyboard; name = Base; path = Base.lproj/LaunchScreen.storyboard; sourceTree = "<group>"; };
		3142B9662B4CFFED0066CD5A /* Info.plist */ = {isa = PBXFileReference; lastKnownFileType = text.plist.xml; path = Info.plist; sourceTree = "<group>"; };
		3142B96B2B4CFFEE0066CD5A /* MEMETests.xctest */ = {isa = PBXFileReference; explicitFileType = wrapper.cfbundle; includeInIndex = 0; path = MEMETests.xctest; sourceTree = BUILT_PRODUCTS_DIR; };
		3142B96F2B4CFFEE0066CD5A /* MEMETests.swift */ = {isa = PBXFileReference; lastKnownFileType = sourcecode.swift; path = MEMETests.swift; sourceTree = "<group>"; };
		3142B9752B4CFFEE0066CD5A /* MEMEUITests.xctest */ = {isa = PBXFileReference; explicitFileType = wrapper.cfbundle; includeInIndex = 0; path = MEMEUITests.xctest; sourceTree = BUILT_PRODUCTS_DIR; };
		3142B9792B4CFFEE0066CD5A /* MEMEUITests.swift */ = {isa = PBXFileReference; lastKnownFileType = sourcecode.swift; path = MEMEUITests.swift; sourceTree = "<group>"; };
		3142B97B2B4CFFEE0066CD5A /* MEMEUITestsLaunchTests.swift */ = {isa = PBXFileReference; lastKnownFileType = sourcecode.swift; path = MEMEUITestsLaunchTests.swift; sourceTree = "<group>"; };
		3142B99A2B4D020E0066CD5A /* NSObject+.swift */ = {isa = PBXFileReference; lastKnownFileType = sourcecode.swift; path = "NSObject+.swift"; sourceTree = "<group>"; };
		3142B99C2B4D021A0066CD5A /* UIView+.swift */ = {isa = PBXFileReference; lastKnownFileType = sourcecode.swift; path = "UIView+.swift"; sourceTree = "<group>"; };
		3142B99E2B4D02300066CD5A /* UIFont+.swift */ = {isa = PBXFileReference; lastKnownFileType = sourcecode.swift; path = "UIFont+.swift"; sourceTree = "<group>"; };
		3142B9A12B4D037C0066CD5A /* NavigationController.swift */ = {isa = PBXFileReference; lastKnownFileType = sourcecode.swift; path = NavigationController.swift; sourceTree = "<group>"; };
		3142B9A32B4D03840066CD5A /* ModelTabBarController.swift */ = {isa = PBXFileReference; lastKnownFileType = sourcecode.swift; path = ModelTabBarController.swift; sourceTree = "<group>"; };
		3142B9A62B4D04CA0066CD5A /* LoginViewController.swift */ = {isa = PBXFileReference; lastKnownFileType = sourcecode.swift; path = LoginViewController.swift; sourceTree = "<group>"; };
		3142B9A82B4D06310066CD5A /* ArtistTabBarController.swift */ = {isa = PBXFileReference; lastKnownFileType = sourcecode.swift; path = ArtistTabBarController.swift; sourceTree = "<group>"; };
		3142B9AC2B4D07640066CD5A /* ModelReservationViewController.swift */ = {isa = PBXFileReference; lastKnownFileType = sourcecode.swift; path = ModelReservationViewController.swift; sourceTree = "<group>"; };
		3142B9AE2B4D08380066CD5A /* ArtistHomeViewController.swift */ = {isa = PBXFileReference; lastKnownFileType = sourcecode.swift; path = ArtistHomeViewController.swift; sourceTree = "<group>"; };
		3142B9B02B4D08480066CD5A /* ArtistReservationViewController.swift */ = {isa = PBXFileReference; lastKnownFileType = sourcecode.swift; path = ArtistReservationViewController.swift; sourceTree = "<group>"; };
		3142B9B32B4D089D0066CD5A /* TabBarItemType.swift */ = {isa = PBXFileReference; lastKnownFileType = sourcecode.swift; path = TabBarItemType.swift; sourceTree = "<group>"; };
		314F74EA2B52DE1900CACF20 /* Pretendard-Thin.otf */ = {isa = PBXFileReference; lastKnownFileType = file; path = "Pretendard-Thin.otf"; sourceTree = "<group>"; };
		314F74EB2B52DE1900CACF20 /* Pretendard-Medium.otf */ = {isa = PBXFileReference; lastKnownFileType = file; path = "Pretendard-Medium.otf"; sourceTree = "<group>"; };
		314F74EC2B52DE1900CACF20 /* Pretendard-ExtraLight.otf */ = {isa = PBXFileReference; lastKnownFileType = file; path = "Pretendard-ExtraLight.otf"; sourceTree = "<group>"; };
		314F74ED2B52DE1900CACF20 /* Pretendard-ExtraBold.otf */ = {isa = PBXFileReference; lastKnownFileType = file; path = "Pretendard-ExtraBold.otf"; sourceTree = "<group>"; };
		314F74EE2B52DE1900CACF20 /* Pretendard-Light.otf */ = {isa = PBXFileReference; lastKnownFileType = file; path = "Pretendard-Light.otf"; sourceTree = "<group>"; };
		314F74EF2B52DE1900CACF20 /* Pretendard-Bold.otf */ = {isa = PBXFileReference; lastKnownFileType = file; path = "Pretendard-Bold.otf"; sourceTree = "<group>"; };
		314F74F02B52DE1900CACF20 /* Pretendard-Black.otf */ = {isa = PBXFileReference; lastKnownFileType = file; path = "Pretendard-Black.otf"; sourceTree = "<group>"; };
		314F74F12B52DE1900CACF20 /* Pretendard-SemiBold.otf */ = {isa = PBXFileReference; lastKnownFileType = file; path = "Pretendard-SemiBold.otf"; sourceTree = "<group>"; };
		314F74F22B52DE1900CACF20 /* Pretendard-Regular.otf */ = {isa = PBXFileReference; lastKnownFileType = file; path = "Pretendard-Regular.otf"; sourceTree = "<group>"; };
		31B2633F2B57EDE300304FBE /* TermsAgreementViewController.swift */ = {isa = PBXFileReference; fileEncoding = 4; lastKnownFileType = sourcecode.swift; name = TermsAgreementViewController.swift; path = Views/TermsAgreementViewController.swift; sourceTree = "<group>"; };
		31B263402B57EDE300304FBE /* TermDetailViewController.xib */ = {isa = PBXFileReference; fileEncoding = 4; lastKnownFileType = file.xib; name = TermDetailViewController.xib; path = Views/TermDetailViewController.xib; sourceTree = "<group>"; };
		31B263412B57EDE300304FBE /* TermDetailViewController.swift */ = {isa = PBXFileReference; fileEncoding = 4; lastKnownFileType = sourcecode.swift; name = TermDetailViewController.swift; path = Views/TermDetailViewController.swift; sourceTree = "<group>"; };
		31B263422B57EDE300304FBE /* TermsAgreementViewController.xib */ = {isa = PBXFileReference; fileEncoding = 4; lastKnownFileType = file.xib; name = TermsAgreementViewController.xib; path = Views/TermsAgreementViewController.xib; sourceTree = "<group>"; };
		31B263472B57EE4800304FBE /* LoginViewController.xib */ = {isa = PBXFileReference; fileEncoding = 4; lastKnownFileType = file.xib; path = LoginViewController.xib; sourceTree = "<group>"; };
		31B263492B57EE7100304FBE /* RoleSelectionViewController.xib */ = {isa = PBXFileReference; fileEncoding = 4; lastKnownFileType = file.xib; path = RoleSelectionViewController.xib; sourceTree = "<group>"; };
		31B2634A2B57EE7100304FBE /* RoleSelectionViewController.swift */ = {isa = PBXFileReference; fileEncoding = 4; lastKnownFileType = sourcecode.swift; path = RoleSelectionViewController.swift; sourceTree = "<group>"; };
		31B2634D2B57EE7D00304FBE /* SetProfileViewController.swift */ = {isa = PBXFileReference; fileEncoding = 4; lastKnownFileType = sourcecode.swift; path = SetProfileViewController.swift; sourceTree = "<group>"; };
		31B2634E2B57EE7D00304FBE /* SetProfileViewController.xib */ = {isa = PBXFileReference; fileEncoding = 4; lastKnownFileType = file.xib; path = SetProfileViewController.xib; sourceTree = "<group>"; };
		31B263512B57EE8600304FBE /* SetDetailInfoViewController.xib */ = {isa = PBXFileReference; fileEncoding = 4; lastKnownFileType = file.xib; path = SetDetailInfoViewController.xib; sourceTree = "<group>"; };
		31B263522B57EE8600304FBE /* SetDetailInfoViewController.swift */ = {isa = PBXFileReference; fileEncoding = 4; lastKnownFileType = sourcecode.swift; path = SetDetailInfoViewController.swift; sourceTree = "<group>"; };
		31B263552B57EE9500304FBE /* RegistrationCompletionViewController.xib */ = {isa = PBXFileReference; fileEncoding = 4; lastKnownFileType = file.xib; path = RegistrationCompletionViewController.xib; sourceTree = "<group>"; };
		31B263562B57EE9500304FBE /* RegistrationCompletionViewController.swift */ = {isa = PBXFileReference; fileEncoding = 4; lastKnownFileType = sourcecode.swift; path = RegistrationCompletionViewController.swift; sourceTree = "<group>"; };
		31B2635A2B57EEBC00304FBE /* DetailSettingView.swift */ = {isa = PBXFileReference; fileEncoding = 4; lastKnownFileType = sourcecode.swift; path = DetailSettingView.swift; sourceTree = "<group>"; };
		31B2635B2B57EEBC00304FBE /* RegisterProgressBar.xib */ = {isa = PBXFileReference; fileEncoding = 4; lastKnownFileType = file.xib; path = RegisterProgressBar.xib; sourceTree = "<group>"; };
		31B2635C2B57EEBC00304FBE /* DetailSettingView.xib */ = {isa = PBXFileReference; fileEncoding = 4; lastKnownFileType = file.xib; path = DetailSettingView.xib; sourceTree = "<group>"; };
		31B2635D2B57EEBC00304FBE /* RegisterProgressBar.swift */ = {isa = PBXFileReference; fileEncoding = 4; lastKnownFileType = sourcecode.swift; path = RegisterProgressBar.swift; sourceTree = "<group>"; };
		31B2635E2B57EEBC00304FBE /* DetailSettingView.xib */ = {isa = PBXFileReference; fileEncoding = 4; lastKnownFileType = file.xib; name = DetailSettingView.xib; path = Common/DetailSettingView.xib; sourceTree = "<group>"; };
		31B2635F2B57EEBC00304FBE /* RegisterProgressBar.xib */ = {isa = PBXFileReference; fileEncoding = 4; lastKnownFileType = file.xib; name = RegisterProgressBar.xib; path = Common/RegisterProgressBar.xib; sourceTree = "<group>"; };
		31B263602B57EEBC00304FBE /* DetailSettingView.swift */ = {isa = PBXFileReference; fileEncoding = 4; lastKnownFileType = sourcecode.swift; name = DetailSettingView.swift; path = Common/DetailSettingView.swift; sourceTree = "<group>"; };
		31B263612B57EEBC00304FBE /* RegisterProgressBar.swift */ = {isa = PBXFileReference; fileEncoding = 4; lastKnownFileType = sourcecode.swift; name = RegisterProgressBar.swift; path = Common/RegisterProgressBar.swift; sourceTree = "<group>"; };
		31B2636B2B57EECB00304FBE /* BusinessRegistrationViewController.swift */ = {isa = PBXFileReference; fileEncoding = 4; lastKnownFileType = sourcecode.swift; path = BusinessRegistrationViewController.swift; sourceTree = "<group>"; };
		31B2636C2B57EECB00304FBE /* BusinessRegistrationViewController.xib */ = {isa = PBXFileReference; fileEncoding = 4; lastKnownFileType = file.xib; path = BusinessRegistrationViewController.xib; sourceTree = "<group>"; };
		31BF22962B52CE5D0019F476 /* SetProfileViewController.swift */ = {isa = PBXFileReference; lastKnownFileType = sourcecode.swift; path = SetProfileViewController.swift; sourceTree = "<group>"; };
		31BF22982B52CE670019F476 /* SetProfileViewController.xib */ = {isa = PBXFileReference; lastKnownFileType = file.xib; path = SetProfileViewController.xib; sourceTree = "<group>"; };
		31BF229A2B52D2830019F476 /* SetDetailInfoViewController.swift */ = {isa = PBXFileReference; lastKnownFileType = sourcecode.swift; path = SetDetailInfoViewController.swift; sourceTree = "<group>"; };
		31BF229C2B52D28A0019F476 /* SetDetailInfoViewController.xib */ = {isa = PBXFileReference; lastKnownFileType = file.xib; path = SetDetailInfoViewController.xib; sourceTree = "<group>"; };
		31BF229E2B52D6FE0019F476 /* RegistrationCompletionViewController.swift */ = {isa = PBXFileReference; lastKnownFileType = sourcecode.swift; path = RegistrationCompletionViewController.swift; sourceTree = "<group>"; };
		31BF22A02B52D7030019F476 /* RegistrationCompletionViewController.xib */ = {isa = PBXFileReference; lastKnownFileType = file.xib; path = RegistrationCompletionViewController.xib; sourceTree = "<group>"; };
		31C85EEC2B526B780064A6E7 /* OnBoardingViewController.swift */ = {isa = PBXFileReference; lastKnownFileType = sourcecode.swift; path = OnBoardingViewController.swift; sourceTree = "<group>"; };
		31C85EF52B526D200064A6E7 /* OnBoardingViewController.xib */ = {isa = PBXFileReference; lastKnownFileType = file.xib; path = OnBoardingViewController.xib; sourceTree = "<group>"; };
		31F6F8322B52AF8600EC621D /* OnboardingCollectionViewCell.swift */ = {isa = PBXFileReference; lastKnownFileType = sourcecode.swift; path = OnboardingCollectionViewCell.swift; sourceTree = "<group>"; };
		31F6F8342B52B13E00EC621D /* LoginViewController.xib */ = {isa = PBXFileReference; lastKnownFileType = file.xib; path = LoginViewController.xib; sourceTree = "<group>"; };
		31F6F8372B52B2EE00EC621D /* TermsAgreementViewController.xib */ = {isa = PBXFileReference; lastKnownFileType = file.xib; path = TermsAgreementViewController.xib; sourceTree = "<group>"; };
		31F6F8392B52B2FF00EC621D /* TermsAgreementViewController.swift */ = {isa = PBXFileReference; lastKnownFileType = sourcecode.swift; path = TermsAgreementViewController.swift; sourceTree = "<group>"; };
		31F6F83B2B52BCF600EC621D /* TermDetailViewController.swift */ = {isa = PBXFileReference; lastKnownFileType = sourcecode.swift; path = TermDetailViewController.swift; sourceTree = "<group>"; };
		31F6F83D2B52BD0D00EC621D /* TermDetailViewController.xib */ = {isa = PBXFileReference; lastKnownFileType = file.xib; path = TermDetailViewController.xib; sourceTree = "<group>"; };
		31F6F83F2B52C0DE00EC621D /* RoleSelectionViewController.swift */ = {isa = PBXFileReference; lastKnownFileType = sourcecode.swift; path = RoleSelectionViewController.swift; sourceTree = "<group>"; };
		31F6F8432B52C0F300EC621D /* RoleSelectionViewController.xib */ = {isa = PBXFileReference; lastKnownFileType = file.xib; path = RoleSelectionViewController.xib; sourceTree = "<group>"; };
		31F6F8452B52C7A500EC621D /* NavigationBarView.xib */ = {isa = PBXFileReference; lastKnownFileType = file.xib; path = NavigationBarView.xib; sourceTree = "<group>"; };
		31F6F8472B52C7B800EC621D /* NavigationBarView.swift */ = {isa = PBXFileReference; lastKnownFileType = sourcecode.swift; path = NavigationBarView.swift; sourceTree = "<group>"; };
/* End PBXFileReference section */

/* Begin PBXFrameworksBuildPhase section */
		3142B9522B4CFFED0066CD5A /* Frameworks */ = {
			isa = PBXFrameworksBuildPhase;
			buildActionMask = 2147483647;
			files = (
				3142B98A2B4D019B0066CD5A /* SnapKit in Frameworks */,
				3142B9932B4D01DF0066CD5A /* KakaoSDK in Frameworks */,
				3142B98D2B4D01A90066CD5A /* FSCalendar in Frameworks */,
				3142B9902B4D01C40066CD5A /* Moya in Frameworks */,
				3142B9972B4D01DF0066CD5A /* KakaoSDKCommon in Frameworks */,
				3142B9952B4D01DF0066CD5A /* KakaoSDKAuth in Frameworks */,
			);
			runOnlyForDeploymentPostprocessing = 0;
		};
		3142B9682B4CFFEE0066CD5A /* Frameworks */ = {
			isa = PBXFrameworksBuildPhase;
			buildActionMask = 2147483647;
			files = (
			);
			runOnlyForDeploymentPostprocessing = 0;
		};
		3142B9722B4CFFEE0066CD5A /* Frameworks */ = {
			isa = PBXFrameworksBuildPhase;
			buildActionMask = 2147483647;
			files = (
			);
			runOnlyForDeploymentPostprocessing = 0;
		};
/* End PBXFrameworksBuildPhase section */

/* Begin PBXGroup section */
		3142B94C2B4CFFED0066CD5A = {
			isa = PBXGroup;
			children = (
				3142B9572B4CFFED0066CD5A /* MEME */,
				3142B96E2B4CFFEE0066CD5A /* MEMETests */,
				3142B9782B4CFFEE0066CD5A /* MEMEUITests */,
				3142B9562B4CFFED0066CD5A /* Products */,
				31B2633E2B57ED1D00304FBE /* Recovered References */,
			);
			sourceTree = "<group>";
		};
		3142B9562B4CFFED0066CD5A /* Products */ = {
			isa = PBXGroup;
			children = (
				3142B9552B4CFFED0066CD5A /* MEME.app */,
				3142B96B2B4CFFEE0066CD5A /* MEMETests.xctest */,
				3142B9752B4CFFEE0066CD5A /* MEMEUITests.xctest */,
			);
			name = Products;
			sourceTree = "<group>";
		};
		3142B9572B4CFFED0066CD5A /* MEME */ = {
			isa = PBXGroup;
			children = (
				3142B9582B4CFFED0066CD5A /* AppDelegate.swift */,
				3142B95A2B4CFFED0066CD5A /* SceneDelegate.swift */,
				3142B9612B4CFFED0066CD5A /* Assets.xcassets */,
				314F74E92B52DDF200CACF20 /* Font */,
				3142B9662B4CFFED0066CD5A /* Info.plist */,
				3142B9632B4CFFED0066CD5A /* LaunchScreen.storyboard */,
				3142B9992B4D01FB0066CD5A /* extenstions */,
				3142B9A02B4D036D0066CD5A /* Core */,
				3142B9A52B4D04BD0066CD5A /* Login */,
				3142B9AB2B4D071E0066CD5A /* Artist */,
				3142B9AA2B4D07170066CD5A /* Model */,
			);
			path = MEME;
			sourceTree = "<group>";
		};
		3142B96E2B4CFFEE0066CD5A /* MEMETests */ = {
			isa = PBXGroup;
			children = (
				3142B96F2B4CFFEE0066CD5A /* MEMETests.swift */,
			);
			path = MEMETests;
			sourceTree = "<group>";
		};
		3142B9782B4CFFEE0066CD5A /* MEMEUITests */ = {
			isa = PBXGroup;
			children = (
				3142B9792B4CFFEE0066CD5A /* MEMEUITests.swift */,
				3142B97B2B4CFFEE0066CD5A /* MEMEUITestsLaunchTests.swift */,
			);
			path = MEMEUITests;
			sourceTree = "<group>";
		};
		3142B9992B4D01FB0066CD5A /* extenstions */ = {
			isa = PBXGroup;
			children = (
				3142B99A2B4D020E0066CD5A /* NSObject+.swift */,
				3142B99C2B4D021A0066CD5A /* UIView+.swift */,
				3142B99E2B4D02300066CD5A /* UIFont+.swift */,
			);
			path = extenstions;
			sourceTree = "<group>";
		};
		3142B9A02B4D036D0066CD5A /* Core */ = {
			isa = PBXGroup;
			children = (
				3142B9A12B4D037C0066CD5A /* NavigationController.swift */,
				31F6F8452B52C7A500EC621D /* NavigationBarView.xib */,
				31F6F8472B52C7B800EC621D /* NavigationBarView.swift */,
				3142B9B22B4D086B0066CD5A /* TabBar */,
			);
			path = Core;
			sourceTree = "<group>";
		};
		3142B9A52B4D04BD0066CD5A /* Login */ = {
			isa = PBXGroup;
			children = (
				31B2636A2B57EECB00304FBE /* BusinessRegstration */,
				31B263592B57EEBC00304FBE /* Common */,
				31B263602B57EEBC00304FBE /* DetailSettingView.swift */,
				31B2635E2B57EEBC00304FBE /* DetailSettingView.xib */,
				31B263612B57EEBC00304FBE /* RegisterProgressBar.swift */,
				31B2635F2B57EEBC00304FBE /* RegisterProgressBar.xib */,
				31C85EF42B526C2E0064A6E7 /* RegistrationCompletion */,
				31C85EF32B526C200064A6E7 /* SetDetailInfo */,
				31C85EF22B526C140064A6E7 /* SetProfile */,
				31C85EF12B526BDB0064A6E7 /* RoleSelection */,
				31C85EF02B526B9F0064A6E7 /* OnBoarding */,
				31C85EEF2B526B930064A6E7 /* Login */,
				31C85EEE2B526B8F0064A6E7 /* TermsAgreement */,
			);
			path = Login;
			sourceTree = "<group>";
		};
		3142B9AA2B4D07170066CD5A /* Model */ = {
			isa = PBXGroup;
			children = (
				3142B95C2B4CFFED0066CD5A /* ModelHomeViewController.swift */,
				3142B9AC2B4D07640066CD5A /* ModelReservationViewController.swift */,
			);
			path = Model;
			sourceTree = "<group>";
		};
		3142B9AB2B4D071E0066CD5A /* Artist */ = {
			isa = PBXGroup;
			children = (
				3142B9AE2B4D08380066CD5A /* ArtistHomeViewController.swift */,
				3142B9B02B4D08480066CD5A /* ArtistReservationViewController.swift */,
			);
			path = Artist;
			sourceTree = "<group>";
		};
		3142B9B22B4D086B0066CD5A /* TabBar */ = {
			isa = PBXGroup;
			children = (
				3142B9A32B4D03840066CD5A /* ModelTabBarController.swift */,
				3142B9A82B4D06310066CD5A /* ArtistTabBarController.swift */,
				3142B9B32B4D089D0066CD5A /* TabBarItemType.swift */,
			);
			path = TabBar;
			sourceTree = "<group>";
		};
		314F74E92B52DDF200CACF20 /* Font */ = {
			isa = PBXGroup;
			children = (
				314F74F02B52DE1900CACF20 /* Pretendard-Black.otf */,
				314F74EF2B52DE1900CACF20 /* Pretendard-Bold.otf */,
				314F74ED2B52DE1900CACF20 /* Pretendard-ExtraBold.otf */,
				314F74EC2B52DE1900CACF20 /* Pretendard-ExtraLight.otf */,
				314F74EE2B52DE1900CACF20 /* Pretendard-Light.otf */,
				314F74EB2B52DE1900CACF20 /* Pretendard-Medium.otf */,
				314F74F22B52DE1900CACF20 /* Pretendard-Regular.otf */,
				314F74F12B52DE1900CACF20 /* Pretendard-SemiBold.otf */,
				314F74EA2B52DE1900CACF20 /* Pretendard-Thin.otf */,
			);
			path = Font;
			sourceTree = "<group>";
		};
		31B2633E2B57ED1D00304FBE /* Recovered References */ = {
			isa = PBXGroup;
			children = (
				31F6F8392B52B2FF00EC621D /* TermsAgreementViewController.swift */,
				31F6F83B2B52BCF600EC621D /* TermDetailViewController.swift */,
				31BF22962B52CE5D0019F476 /* SetProfileViewController.swift */,
				31BF229A2B52D2830019F476 /* SetDetailInfoViewController.swift */,
				31F6F83F2B52C0DE00EC621D /* RoleSelectionViewController.swift */,
				31BF229E2B52D6FE0019F476 /* RegistrationCompletionViewController.swift */,
				31F6F8432B52C0F300EC621D /* RoleSelectionViewController.xib */,
				31BF22A02B52D7030019F476 /* RegistrationCompletionViewController.xib */,
				31F6F8342B52B13E00EC621D /* LoginViewController.xib */,
				31BF229C2B52D28A0019F476 /* SetDetailInfoViewController.xib */,
				31F6F8372B52B2EE00EC621D /* TermsAgreementViewController.xib */,
				31F6F83D2B52BD0D00EC621D /* TermDetailViewController.xib */,
				31BF22982B52CE670019F476 /* SetProfileViewController.xib */,
			);
			name = "Recovered References";
			sourceTree = "<group>";
		};
		31B263592B57EEBC00304FBE /* Common */ = {
			isa = PBXGroup;
			children = (
				31B2635A2B57EEBC00304FBE /* DetailSettingView.swift */,
				31B2635B2B57EEBC00304FBE /* RegisterProgressBar.xib */,
				31B2635C2B57EEBC00304FBE /* DetailSettingView.xib */,
				31B2635D2B57EEBC00304FBE /* RegisterProgressBar.swift */,
			);
			path = Common;
			sourceTree = "<group>";
		};
		31B2636A2B57EECB00304FBE /* BusinessRegstration */ = {
			isa = PBXGroup;
			children = (
				31B2636B2B57EECB00304FBE /* BusinessRegistrationViewController.swift */,
				31B2636C2B57EECB00304FBE /* BusinessRegistrationViewController.xib */,
			);
			path = BusinessRegstration;
			sourceTree = "<group>";
		};
		31C85EEE2B526B8F0064A6E7 /* TermsAgreement */ = {
			isa = PBXGroup;
			children = (
				31B263412B57EDE300304FBE /* TermDetailViewController.swift */,
				31B263402B57EDE300304FBE /* TermDetailViewController.xib */,
				31B2633F2B57EDE300304FBE /* TermsAgreementViewController.swift */,
				31B263422B57EDE300304FBE /* TermsAgreementViewController.xib */,
			);
			path = TermsAgreement;
			sourceTree = "<group>";
		};
		31C85EEF2B526B930064A6E7 /* Login */ = {
			isa = PBXGroup;
			children = (
				31B263472B57EE4800304FBE /* LoginViewController.xib */,
				3142B9A62B4D04CA0066CD5A /* LoginViewController.swift */,
			);
			path = Login;
			sourceTree = "<group>";
		};
		31C85EF02B526B9F0064A6E7 /* OnBoarding */ = {
			isa = PBXGroup;
			children = (
				31F6F8312B52AF2800EC621D /* Views */,
			);
			path = OnBoarding;
			sourceTree = "<group>";
		};
		31C85EF12B526BDB0064A6E7 /* RoleSelection */ = {
			isa = PBXGroup;
			children = (
				31B2634A2B57EE7100304FBE /* RoleSelectionViewController.swift */,
				31B263492B57EE7100304FBE /* RoleSelectionViewController.xib */,
			);
			path = RoleSelection;
			sourceTree = "<group>";
		};
		31C85EF22B526C140064A6E7 /* SetProfile */ = {
			isa = PBXGroup;
			children = (
				31B2634D2B57EE7D00304FBE /* SetProfileViewController.swift */,
				31B2634E2B57EE7D00304FBE /* SetProfileViewController.xib */,
			);
			path = SetProfile;
			sourceTree = "<group>";
		};
		31C85EF32B526C200064A6E7 /* SetDetailInfo */ = {
			isa = PBXGroup;
			children = (
				31B263522B57EE8600304FBE /* SetDetailInfoViewController.swift */,
				31B263512B57EE8600304FBE /* SetDetailInfoViewController.xib */,
			);
			path = SetDetailInfo;
			sourceTree = "<group>";
		};
		31C85EF42B526C2E0064A6E7 /* RegistrationCompletion */ = {
			isa = PBXGroup;
			children = (
				31B263562B57EE9500304FBE /* RegistrationCompletionViewController.swift */,
				31B263552B57EE9500304FBE /* RegistrationCompletionViewController.xib */,
			);
			path = RegistrationCompletion;
			sourceTree = "<group>";
		};
		31F6F8312B52AF2800EC621D /* Views */ = {
			isa = PBXGroup;
			children = (
				31C85EEC2B526B780064A6E7 /* OnBoardingViewController.swift */,
				31C85EF52B526D200064A6E7 /* OnBoardingViewController.xib */,
				31F6F8322B52AF8600EC621D /* OnboardingCollectionViewCell.swift */,
			);
			path = Views;
			sourceTree = "<group>";
		};
/* End PBXGroup section */

/* Begin PBXNativeTarget section */
		3142B9542B4CFFED0066CD5A /* MEME */ = {
			isa = PBXNativeTarget;
			buildConfigurationList = 3142B97F2B4CFFEE0066CD5A /* Build configuration list for PBXNativeTarget "MEME" */;
			buildPhases = (
				3142B9512B4CFFED0066CD5A /* Sources */,
				3142B9522B4CFFED0066CD5A /* Frameworks */,
				3142B9532B4CFFED0066CD5A /* Resources */,
			);
			buildRules = (
			);
			dependencies = (
			);
			name = MEME;
			packageProductDependencies = (
				3142B9892B4D019B0066CD5A /* SnapKit */,
				3142B98C2B4D01A90066CD5A /* FSCalendar */,
				3142B98F2B4D01C40066CD5A /* Moya */,
				3142B9922B4D01DF0066CD5A /* KakaoSDK */,
				3142B9942B4D01DF0066CD5A /* KakaoSDKAuth */,
				3142B9962B4D01DF0066CD5A /* KakaoSDKCommon */,
			);
			productName = MEME;
			productReference = 3142B9552B4CFFED0066CD5A /* MEME.app */;
			productType = "com.apple.product-type.application";
		};
		3142B96A2B4CFFEE0066CD5A /* MEMETests */ = {
			isa = PBXNativeTarget;
			buildConfigurationList = 3142B9822B4CFFEE0066CD5A /* Build configuration list for PBXNativeTarget "MEMETests" */;
			buildPhases = (
				3142B9672B4CFFEE0066CD5A /* Sources */,
				3142B9682B4CFFEE0066CD5A /* Frameworks */,
				3142B9692B4CFFEE0066CD5A /* Resources */,
			);
			buildRules = (
			);
			dependencies = (
				3142B96D2B4CFFEE0066CD5A /* PBXTargetDependency */,
			);
			name = MEMETests;
			productName = MEMETests;
			productReference = 3142B96B2B4CFFEE0066CD5A /* MEMETests.xctest */;
			productType = "com.apple.product-type.bundle.unit-test";
		};
		3142B9742B4CFFEE0066CD5A /* MEMEUITests */ = {
			isa = PBXNativeTarget;
			buildConfigurationList = 3142B9852B4CFFEE0066CD5A /* Build configuration list for PBXNativeTarget "MEMEUITests" */;
			buildPhases = (
				3142B9712B4CFFEE0066CD5A /* Sources */,
				3142B9722B4CFFEE0066CD5A /* Frameworks */,
				3142B9732B4CFFEE0066CD5A /* Resources */,
			);
			buildRules = (
			);
			dependencies = (
				3142B9772B4CFFEE0066CD5A /* PBXTargetDependency */,
			);
			name = MEMEUITests;
			productName = MEMEUITests;
			productReference = 3142B9752B4CFFEE0066CD5A /* MEMEUITests.xctest */;
			productType = "com.apple.product-type.bundle.ui-testing";
		};
/* End PBXNativeTarget section */

/* Begin PBXProject section */
		3142B94D2B4CFFED0066CD5A /* Project object */ = {
			isa = PBXProject;
			attributes = {
				BuildIndependentTargetsInParallel = 1;
				LastSwiftUpdateCheck = 1500;
				LastUpgradeCheck = 1500;
				TargetAttributes = {
					3142B9542B4CFFED0066CD5A = {
						CreatedOnToolsVersion = 15.0.1;
					};
					3142B96A2B4CFFEE0066CD5A = {
						CreatedOnToolsVersion = 15.0.1;
						TestTargetID = 3142B9542B4CFFED0066CD5A;
					};
					3142B9742B4CFFEE0066CD5A = {
						CreatedOnToolsVersion = 15.0.1;
						TestTargetID = 3142B9542B4CFFED0066CD5A;
					};
				};
			};
			buildConfigurationList = 3142B9502B4CFFED0066CD5A /* Build configuration list for PBXProject "MEME" */;
			compatibilityVersion = "Xcode 14.0";
			developmentRegion = en;
			hasScannedForEncodings = 0;
			knownRegions = (
				en,
				Base,
			);
			mainGroup = 3142B94C2B4CFFED0066CD5A;
			packageReferences = (
				3142B9882B4D019B0066CD5A /* XCRemoteSwiftPackageReference "SnapKit" */,
				3142B98B2B4D01A90066CD5A /* XCRemoteSwiftPackageReference "FSCalendar" */,
				3142B98E2B4D01C40066CD5A /* XCRemoteSwiftPackageReference "Moya" */,
				3142B9912B4D01DF0066CD5A /* XCRemoteSwiftPackageReference "kakao-ios-sdk" */,
			);
			productRefGroup = 3142B9562B4CFFED0066CD5A /* Products */;
			projectDirPath = "";
			projectRoot = "";
			targets = (
				3142B9542B4CFFED0066CD5A /* MEME */,
				3142B96A2B4CFFEE0066CD5A /* MEMETests */,
				3142B9742B4CFFEE0066CD5A /* MEMEUITests */,
			);
		};
/* End PBXProject section */

/* Begin PBXResourcesBuildPhase section */
		3142B9532B4CFFED0066CD5A /* Resources */ = {
			isa = PBXResourcesBuildPhase;
			buildActionMask = 2147483647;
			files = (
				31B263462B57EDE300304FBE /* TermsAgreementViewController.xib in Resources */,
				312B304D2B550FF9008D17FC /* Pretendard-Light.otf in Resources */,
				312B304F2B550FF9008D17FC /* Pretendard-Bold.otf in Resources */,
				312B30502B550FF9008D17FC /* Pretendard-ExtraLight.otf in Resources */,
				31B2636E2B57EECB00304FBE /* BusinessRegistrationViewController.xib in Resources */,
				312B30532B550FF9008D17FC /* Pretendard-ExtraBold.otf in Resources */,
				312B30522B550FF9008D17FC /* Pretendard-Thin.otf in Resources */,
				31B263672B57EEBD00304FBE /* RegisterProgressBar.xib in Resources */,
				31B263532B57EE8600304FBE /* SetDetailInfoViewController.xib in Resources */,
				31C85EF62B526D200064A6E7 /* OnBoardingViewController.xib in Resources */,
				3142B9652B4CFFED0066CD5A /* LaunchScreen.storyboard in Resources */,
				31B2634B2B57EE7100304FBE /* RoleSelectionViewController.xib in Resources */,
				312B304E2B550FF9008D17FC /* Pretendard-Medium.otf in Resources */,
				31B263662B57EEBD00304FBE /* DetailSettingView.xib in Resources */,
				3142B9622B4CFFED0066CD5A /* Assets.xcassets in Resources */,
				31B263502B57EE7D00304FBE /* SetProfileViewController.xib in Resources */,
				31B263572B57EE9500304FBE /* RegistrationCompletionViewController.xib in Resources */,
				312B304C2B550FF9008D17FC /* Pretendard-Black.otf in Resources */,
				312B30542B550FF9008D17FC /* Pretendard-Regular.otf in Resources */,
				31F6F8462B52C7A500EC621D /* NavigationBarView.xib in Resources */,
				31B263482B57EE4800304FBE /* LoginViewController.xib in Resources */,
				312B30512B550FF9008D17FC /* Pretendard-SemiBold.otf in Resources */,
				31B263442B57EDE300304FBE /* TermDetailViewController.xib in Resources */,
			);
			runOnlyForDeploymentPostprocessing = 0;
		};
		3142B9692B4CFFEE0066CD5A /* Resources */ = {
			isa = PBXResourcesBuildPhase;
			buildActionMask = 2147483647;
			files = (
			);
			runOnlyForDeploymentPostprocessing = 0;
		};
		3142B9732B4CFFEE0066CD5A /* Resources */ = {
			isa = PBXResourcesBuildPhase;
			buildActionMask = 2147483647;
			files = (
			);
			runOnlyForDeploymentPostprocessing = 0;
		};
/* End PBXResourcesBuildPhase section */

/* Begin PBXSourcesBuildPhase section */
		3142B9512B4CFFED0066CD5A /* Sources */ = {
			isa = PBXSourcesBuildPhase;
			buildActionMask = 2147483647;
			files = (
				3142B9A92B4D06310066CD5A /* ArtistTabBarController.swift in Sources */,
				31B2634F2B57EE7D00304FBE /* SetProfileViewController.swift in Sources */,
				3142B9A72B4D04CA0066CD5A /* LoginViewController.swift in Sources */,
				3142B95D2B4CFFED0066CD5A /* ModelHomeViewController.swift in Sources */,
				31F6F8332B52AF8600EC621D /* OnboardingCollectionViewCell.swift in Sources */,
				3142B9A42B4D03840066CD5A /* ModelTabBarController.swift in Sources */,
				3142B9AD2B4D07640066CD5A /* ModelReservationViewController.swift in Sources */,
				31B2634C2B57EE7100304FBE /* RoleSelectionViewController.swift in Sources */,
				31B263682B57EEBD00304FBE /* DetailSettingView.swift in Sources */,
				3142B99B2B4D020E0066CD5A /* NSObject+.swift in Sources */,
				3142B9592B4CFFED0066CD5A /* AppDelegate.swift in Sources */,
				31B263432B57EDE300304FBE /* TermsAgreementViewController.swift in Sources */,
				3142B95B2B4CFFED0066CD5A /* SceneDelegate.swift in Sources */,
				3142B9AF2B4D08380066CD5A /* ArtistHomeViewController.swift in Sources */,
				31B263652B57EEBD00304FBE /* RegisterProgressBar.swift in Sources */,
				31C85EED2B526B780064A6E7 /* OnBoardingViewController.swift in Sources */,
				3142B99F2B4D02300066CD5A /* UIFont+.swift in Sources */,
				31B263692B57EEBD00304FBE /* RegisterProgressBar.swift in Sources */,
				31B2636D2B57EECB00304FBE /* BusinessRegistrationViewController.swift in Sources */,
				31F6F8482B52C7B800EC621D /* NavigationBarView.swift in Sources */,
				3142B9A22B4D037C0066CD5A /* NavigationController.swift in Sources */,
				3142B99D2B4D021A0066CD5A /* UIView+.swift in Sources */,
				31B263582B57EE9500304FBE /* RegistrationCompletionViewController.swift in Sources */,
				31B263452B57EDE300304FBE /* TermDetailViewController.swift in Sources */,
				31B263622B57EEBD00304FBE /* DetailSettingView.swift in Sources */,
				31B263542B57EE8600304FBE /* SetDetailInfoViewController.swift in Sources */,
				3142B9B42B4D089D0066CD5A /* TabBarItemType.swift in Sources */,
				3142B9B12B4D08480066CD5A /* ArtistReservationViewController.swift in Sources */,
			);
			runOnlyForDeploymentPostprocessing = 0;
		};
		3142B9672B4CFFEE0066CD5A /* Sources */ = {
			isa = PBXSourcesBuildPhase;
			buildActionMask = 2147483647;
			files = (
				3142B9702B4CFFEE0066CD5A /* MEMETests.swift in Sources */,
			);
			runOnlyForDeploymentPostprocessing = 0;
		};
		3142B9712B4CFFEE0066CD5A /* Sources */ = {
			isa = PBXSourcesBuildPhase;
			buildActionMask = 2147483647;
			files = (
				3142B97C2B4CFFEE0066CD5A /* MEMEUITestsLaunchTests.swift in Sources */,
				3142B97A2B4CFFEE0066CD5A /* MEMEUITests.swift in Sources */,
			);
			runOnlyForDeploymentPostprocessing = 0;
		};
/* End PBXSourcesBuildPhase section */

/* Begin PBXTargetDependency section */
		3142B96D2B4CFFEE0066CD5A /* PBXTargetDependency */ = {
			isa = PBXTargetDependency;
			target = 3142B9542B4CFFED0066CD5A /* MEME */;
			targetProxy = 3142B96C2B4CFFEE0066CD5A /* PBXContainerItemProxy */;
		};
		3142B9772B4CFFEE0066CD5A /* PBXTargetDependency */ = {
			isa = PBXTargetDependency;
			target = 3142B9542B4CFFED0066CD5A /* MEME */;
			targetProxy = 3142B9762B4CFFEE0066CD5A /* PBXContainerItemProxy */;
		};
/* End PBXTargetDependency section */

/* Begin PBXVariantGroup section */
		3142B9632B4CFFED0066CD5A /* LaunchScreen.storyboard */ = {
			isa = PBXVariantGroup;
			children = (
				3142B9642B4CFFED0066CD5A /* Base */,
			);
			name = LaunchScreen.storyboard;
			sourceTree = "<group>";
		};
/* End PBXVariantGroup section */

/* Begin XCBuildConfiguration section */
		3142B97D2B4CFFEE0066CD5A /* Debug */ = {
			isa = XCBuildConfiguration;
			buildSettings = {
				ALWAYS_SEARCH_USER_PATHS = NO;
				ASSETCATALOG_COMPILER_GENERATE_SWIFT_ASSET_SYMBOL_EXTENSIONS = YES;
				CLANG_ANALYZER_NONNULL = YES;
				CLANG_ANALYZER_NUMBER_OBJECT_CONVERSION = YES_AGGRESSIVE;
				CLANG_CXX_LANGUAGE_STANDARD = "gnu++20";
				CLANG_ENABLE_MODULES = YES;
				CLANG_ENABLE_OBJC_ARC = YES;
				CLANG_ENABLE_OBJC_WEAK = YES;
				CLANG_WARN_BLOCK_CAPTURE_AUTORELEASING = YES;
				CLANG_WARN_BOOL_CONVERSION = YES;
				CLANG_WARN_COMMA = YES;
				CLANG_WARN_CONSTANT_CONVERSION = YES;
				CLANG_WARN_DEPRECATED_OBJC_IMPLEMENTATIONS = YES;
				CLANG_WARN_DIRECT_OBJC_ISA_USAGE = YES_ERROR;
				CLANG_WARN_DOCUMENTATION_COMMENTS = YES;
				CLANG_WARN_EMPTY_BODY = YES;
				CLANG_WARN_ENUM_CONVERSION = YES;
				CLANG_WARN_INFINITE_RECURSION = YES;
				CLANG_WARN_INT_CONVERSION = YES;
				CLANG_WARN_NON_LITERAL_NULL_CONVERSION = YES;
				CLANG_WARN_OBJC_IMPLICIT_RETAIN_SELF = YES;
				CLANG_WARN_OBJC_LITERAL_CONVERSION = YES;
				CLANG_WARN_OBJC_ROOT_CLASS = YES_ERROR;
				CLANG_WARN_QUOTED_INCLUDE_IN_FRAMEWORK_HEADER = YES;
				CLANG_WARN_RANGE_LOOP_ANALYSIS = YES;
				CLANG_WARN_STRICT_PROTOTYPES = YES;
				CLANG_WARN_SUSPICIOUS_MOVE = YES;
				CLANG_WARN_UNGUARDED_AVAILABILITY = YES_AGGRESSIVE;
				CLANG_WARN_UNREACHABLE_CODE = YES;
				CLANG_WARN__DUPLICATE_METHOD_MATCH = YES;
				COPY_PHASE_STRIP = NO;
				DEBUG_INFORMATION_FORMAT = dwarf;
				ENABLE_STRICT_OBJC_MSGSEND = YES;
				ENABLE_TESTABILITY = YES;
				ENABLE_USER_SCRIPT_SANDBOXING = YES;
				GCC_C_LANGUAGE_STANDARD = gnu17;
				GCC_DYNAMIC_NO_PIC = NO;
				GCC_NO_COMMON_BLOCKS = YES;
				GCC_OPTIMIZATION_LEVEL = 0;
				GCC_PREPROCESSOR_DEFINITIONS = (
					"DEBUG=1",
					"$(inherited)",
				);
				GCC_WARN_64_TO_32_BIT_CONVERSION = YES;
				GCC_WARN_ABOUT_RETURN_TYPE = YES_ERROR;
				GCC_WARN_UNDECLARED_SELECTOR = YES;
				GCC_WARN_UNINITIALIZED_AUTOS = YES_AGGRESSIVE;
				GCC_WARN_UNUSED_FUNCTION = YES;
				GCC_WARN_UNUSED_VARIABLE = YES;
				IPHONEOS_DEPLOYMENT_TARGET = 17.0;
				LOCALIZATION_PREFERS_STRING_CATALOGS = YES;
				MTL_ENABLE_DEBUG_INFO = INCLUDE_SOURCE;
				MTL_FAST_MATH = YES;
				ONLY_ACTIVE_ARCH = YES;
				SDKROOT = iphoneos;
				SWIFT_ACTIVE_COMPILATION_CONDITIONS = "DEBUG $(inherited)";
				SWIFT_OPTIMIZATION_LEVEL = "-Onone";
			};
			name = Debug;
		};
		3142B97E2B4CFFEE0066CD5A /* Release */ = {
			isa = XCBuildConfiguration;
			buildSettings = {
				ALWAYS_SEARCH_USER_PATHS = NO;
				ASSETCATALOG_COMPILER_GENERATE_SWIFT_ASSET_SYMBOL_EXTENSIONS = YES;
				CLANG_ANALYZER_NONNULL = YES;
				CLANG_ANALYZER_NUMBER_OBJECT_CONVERSION = YES_AGGRESSIVE;
				CLANG_CXX_LANGUAGE_STANDARD = "gnu++20";
				CLANG_ENABLE_MODULES = YES;
				CLANG_ENABLE_OBJC_ARC = YES;
				CLANG_ENABLE_OBJC_WEAK = YES;
				CLANG_WARN_BLOCK_CAPTURE_AUTORELEASING = YES;
				CLANG_WARN_BOOL_CONVERSION = YES;
				CLANG_WARN_COMMA = YES;
				CLANG_WARN_CONSTANT_CONVERSION = YES;
				CLANG_WARN_DEPRECATED_OBJC_IMPLEMENTATIONS = YES;
				CLANG_WARN_DIRECT_OBJC_ISA_USAGE = YES_ERROR;
				CLANG_WARN_DOCUMENTATION_COMMENTS = YES;
				CLANG_WARN_EMPTY_BODY = YES;
				CLANG_WARN_ENUM_CONVERSION = YES;
				CLANG_WARN_INFINITE_RECURSION = YES;
				CLANG_WARN_INT_CONVERSION = YES;
				CLANG_WARN_NON_LITERAL_NULL_CONVERSION = YES;
				CLANG_WARN_OBJC_IMPLICIT_RETAIN_SELF = YES;
				CLANG_WARN_OBJC_LITERAL_CONVERSION = YES;
				CLANG_WARN_OBJC_ROOT_CLASS = YES_ERROR;
				CLANG_WARN_QUOTED_INCLUDE_IN_FRAMEWORK_HEADER = YES;
				CLANG_WARN_RANGE_LOOP_ANALYSIS = YES;
				CLANG_WARN_STRICT_PROTOTYPES = YES;
				CLANG_WARN_SUSPICIOUS_MOVE = YES;
				CLANG_WARN_UNGUARDED_AVAILABILITY = YES_AGGRESSIVE;
				CLANG_WARN_UNREACHABLE_CODE = YES;
				CLANG_WARN__DUPLICATE_METHOD_MATCH = YES;
				COPY_PHASE_STRIP = NO;
				DEBUG_INFORMATION_FORMAT = "dwarf-with-dsym";
				ENABLE_NS_ASSERTIONS = NO;
				ENABLE_STRICT_OBJC_MSGSEND = YES;
				ENABLE_USER_SCRIPT_SANDBOXING = YES;
				GCC_C_LANGUAGE_STANDARD = gnu17;
				GCC_NO_COMMON_BLOCKS = YES;
				GCC_WARN_64_TO_32_BIT_CONVERSION = YES;
				GCC_WARN_ABOUT_RETURN_TYPE = YES_ERROR;
				GCC_WARN_UNDECLARED_SELECTOR = YES;
				GCC_WARN_UNINITIALIZED_AUTOS = YES_AGGRESSIVE;
				GCC_WARN_UNUSED_FUNCTION = YES;
				GCC_WARN_UNUSED_VARIABLE = YES;
				IPHONEOS_DEPLOYMENT_TARGET = 17.0;
				LOCALIZATION_PREFERS_STRING_CATALOGS = YES;
				MTL_ENABLE_DEBUG_INFO = NO;
				MTL_FAST_MATH = YES;
				SDKROOT = iphoneos;
				SWIFT_COMPILATION_MODE = wholemodule;
				VALIDATE_PRODUCT = YES;
			};
			name = Release;
		};
		3142B9802B4CFFEE0066CD5A /* Debug */ = {
			isa = XCBuildConfiguration;
			buildSettings = {
				ASSETCATALOG_COMPILER_APPICON_NAME = AppIcon;
				ASSETCATALOG_COMPILER_GLOBAL_ACCENT_COLOR_NAME = AccentColor;
				CODE_SIGN_STYLE = Automatic;
				CURRENT_PROJECT_VERSION = 1;
				GENERATE_INFOPLIST_FILE = YES;
				INFOPLIST_FILE = MEME/Info.plist;
				INFOPLIST_KEY_UIApplicationSupportsIndirectInputEvents = YES;
				INFOPLIST_KEY_UILaunchStoryboardName = LaunchScreen;
				INFOPLIST_KEY_UIMainStoryboardFile = "";
				INFOPLIST_KEY_UISupportedInterfaceOrientations = UIInterfaceOrientationPortrait;
				INFOPLIST_KEY_UISupportedInterfaceOrientations_iPad = "UIInterfaceOrientationLandscapeLeft UIInterfaceOrientationLandscapeRight UIInterfaceOrientationPortrait UIInterfaceOrientationPortraitUpsideDown";
				IPHONEOS_DEPLOYMENT_TARGET = 16.0;
				LD_RUNPATH_SEARCH_PATHS = (
					"$(inherited)",
					"@executable_path/Frameworks",
				);
				MARKETING_VERSION = 1.0;
				PRODUCT_BUNDLE_IDENTIFIER = umc.MEME;
				PRODUCT_NAME = "$(TARGET_NAME)";
				SUPPORTED_PLATFORMS = "iphoneos iphonesimulator";
				SUPPORTS_MACCATALYST = NO;
				SUPPORTS_MAC_DESIGNED_FOR_IPHONE_IPAD = NO;
				SWIFT_EMIT_LOC_STRINGS = YES;
				SWIFT_VERSION = 5.0;
				TARGETED_DEVICE_FAMILY = 1;
			};
			name = Debug;
		};
		3142B9812B4CFFEE0066CD5A /* Release */ = {
			isa = XCBuildConfiguration;
			buildSettings = {
				ASSETCATALOG_COMPILER_APPICON_NAME = AppIcon;
				ASSETCATALOG_COMPILER_GLOBAL_ACCENT_COLOR_NAME = AccentColor;
				CODE_SIGN_STYLE = Automatic;
				CURRENT_PROJECT_VERSION = 1;
				GENERATE_INFOPLIST_FILE = YES;
				INFOPLIST_FILE = MEME/Info.plist;
				INFOPLIST_KEY_UIApplicationSupportsIndirectInputEvents = YES;
				INFOPLIST_KEY_UILaunchStoryboardName = LaunchScreen;
				INFOPLIST_KEY_UIMainStoryboardFile = "";
				INFOPLIST_KEY_UISupportedInterfaceOrientations = UIInterfaceOrientationPortrait;
				INFOPLIST_KEY_UISupportedInterfaceOrientations_iPad = "UIInterfaceOrientationLandscapeLeft UIInterfaceOrientationLandscapeRight UIInterfaceOrientationPortrait UIInterfaceOrientationPortraitUpsideDown";
				IPHONEOS_DEPLOYMENT_TARGET = 16.0;
				LD_RUNPATH_SEARCH_PATHS = (
					"$(inherited)",
					"@executable_path/Frameworks",
				);
				MARKETING_VERSION = 1.0;
				PRODUCT_BUNDLE_IDENTIFIER = umc.MEME;
				PRODUCT_NAME = "$(TARGET_NAME)";
				SUPPORTED_PLATFORMS = "iphoneos iphonesimulator";
				SUPPORTS_MACCATALYST = NO;
				SUPPORTS_MAC_DESIGNED_FOR_IPHONE_IPAD = NO;
				SWIFT_EMIT_LOC_STRINGS = YES;
				SWIFT_VERSION = 5.0;
				TARGETED_DEVICE_FAMILY = 1;
			};
			name = Release;
		};
		3142B9832B4CFFEE0066CD5A /* Debug */ = {
			isa = XCBuildConfiguration;
			buildSettings = {
				ALWAYS_EMBED_SWIFT_STANDARD_LIBRARIES = YES;
				BUNDLE_LOADER = "$(TEST_HOST)";
				CODE_SIGN_STYLE = Automatic;
				CURRENT_PROJECT_VERSION = 1;
				GENERATE_INFOPLIST_FILE = YES;
				IPHONEOS_DEPLOYMENT_TARGET = 17.0;
				MARKETING_VERSION = 1.0;
				PRODUCT_BUNDLE_IDENTIFIER = meme.MEMETests;
				PRODUCT_NAME = "$(TARGET_NAME)";
				SWIFT_EMIT_LOC_STRINGS = NO;
				SWIFT_VERSION = 5.0;
				TARGETED_DEVICE_FAMILY = "1,2";
				TEST_HOST = "$(BUILT_PRODUCTS_DIR)/MEME.app/$(BUNDLE_EXECUTABLE_FOLDER_PATH)/MEME";
			};
			name = Debug;
		};
		3142B9842B4CFFEE0066CD5A /* Release */ = {
			isa = XCBuildConfiguration;
			buildSettings = {
				ALWAYS_EMBED_SWIFT_STANDARD_LIBRARIES = YES;
				BUNDLE_LOADER = "$(TEST_HOST)";
				CODE_SIGN_STYLE = Automatic;
				CURRENT_PROJECT_VERSION = 1;
				GENERATE_INFOPLIST_FILE = YES;
				IPHONEOS_DEPLOYMENT_TARGET = 17.0;
				MARKETING_VERSION = 1.0;
				PRODUCT_BUNDLE_IDENTIFIER = meme.MEMETests;
				PRODUCT_NAME = "$(TARGET_NAME)";
				SWIFT_EMIT_LOC_STRINGS = NO;
				SWIFT_VERSION = 5.0;
				TARGETED_DEVICE_FAMILY = "1,2";
				TEST_HOST = "$(BUILT_PRODUCTS_DIR)/MEME.app/$(BUNDLE_EXECUTABLE_FOLDER_PATH)/MEME";
			};
			name = Release;
		};
		3142B9862B4CFFEE0066CD5A /* Debug */ = {
			isa = XCBuildConfiguration;
			buildSettings = {
				ALWAYS_EMBED_SWIFT_STANDARD_LIBRARIES = YES;
				CODE_SIGN_STYLE = Automatic;
				CURRENT_PROJECT_VERSION = 1;
				GENERATE_INFOPLIST_FILE = YES;
				MARKETING_VERSION = 1.0;
				PRODUCT_BUNDLE_IDENTIFIER = meme.MEMEUITests;
				PRODUCT_NAME = "$(TARGET_NAME)";
				SWIFT_EMIT_LOC_STRINGS = NO;
				SWIFT_VERSION = 5.0;
				TARGETED_DEVICE_FAMILY = "1,2";
				TEST_TARGET_NAME = MEME;
			};
			name = Debug;
		};
		3142B9872B4CFFEE0066CD5A /* Release */ = {
			isa = XCBuildConfiguration;
			buildSettings = {
				ALWAYS_EMBED_SWIFT_STANDARD_LIBRARIES = YES;
				CODE_SIGN_STYLE = Automatic;
				CURRENT_PROJECT_VERSION = 1;
				GENERATE_INFOPLIST_FILE = YES;
				MARKETING_VERSION = 1.0;
				PRODUCT_BUNDLE_IDENTIFIER = meme.MEMEUITests;
				PRODUCT_NAME = "$(TARGET_NAME)";
				SWIFT_EMIT_LOC_STRINGS = NO;
				SWIFT_VERSION = 5.0;
				TARGETED_DEVICE_FAMILY = "1,2";
				TEST_TARGET_NAME = MEME;
			};
			name = Release;
		};
/* End XCBuildConfiguration section */

/* Begin XCConfigurationList section */
		3142B9502B4CFFED0066CD5A /* Build configuration list for PBXProject "MEME" */ = {
			isa = XCConfigurationList;
			buildConfigurations = (
				3142B97D2B4CFFEE0066CD5A /* Debug */,
				3142B97E2B4CFFEE0066CD5A /* Release */,
			);
			defaultConfigurationIsVisible = 0;
			defaultConfigurationName = Release;
		};
		3142B97F2B4CFFEE0066CD5A /* Build configuration list for PBXNativeTarget "MEME" */ = {
			isa = XCConfigurationList;
			buildConfigurations = (
				3142B9802B4CFFEE0066CD5A /* Debug */,
				3142B9812B4CFFEE0066CD5A /* Release */,
			);
			defaultConfigurationIsVisible = 0;
			defaultConfigurationName = Release;
		};
		3142B9822B4CFFEE0066CD5A /* Build configuration list for PBXNativeTarget "MEMETests" */ = {
			isa = XCConfigurationList;
			buildConfigurations = (
				3142B9832B4CFFEE0066CD5A /* Debug */,
				3142B9842B4CFFEE0066CD5A /* Release */,
			);
			defaultConfigurationIsVisible = 0;
			defaultConfigurationName = Release;
		};
		3142B9852B4CFFEE0066CD5A /* Build configuration list for PBXNativeTarget "MEMEUITests" */ = {
			isa = XCConfigurationList;
			buildConfigurations = (
				3142B9862B4CFFEE0066CD5A /* Debug */,
				3142B9872B4CFFEE0066CD5A /* Release */,
			);
			defaultConfigurationIsVisible = 0;
			defaultConfigurationName = Release;
		};
/* End XCConfigurationList section */

/* Begin XCRemoteSwiftPackageReference section */
		3142B9882B4D019B0066CD5A /* XCRemoteSwiftPackageReference "SnapKit" */ = {
			isa = XCRemoteSwiftPackageReference;
			repositoryURL = "https://github.com/SnapKit/SnapKit.git";
			requirement = {
				kind = upToNextMajorVersion;
				minimumVersion = 5.7.0;
			};
		};
		3142B98B2B4D01A90066CD5A /* XCRemoteSwiftPackageReference "FSCalendar" */ = {
			isa = XCRemoteSwiftPackageReference;
			repositoryURL = "https://github.com/WenchaoD/FSCalendar.git";
			requirement = {
				kind = upToNextMajorVersion;
				minimumVersion = 2.8.4;
			};
		};
		3142B98E2B4D01C40066CD5A /* XCRemoteSwiftPackageReference "Moya" */ = {
			isa = XCRemoteSwiftPackageReference;
			repositoryURL = "https://github.com/Moya/Moya.git";
			requirement = {
				kind = upToNextMajorVersion;
				minimumVersion = 15.0.3;
			};
		};
		3142B9912B4D01DF0066CD5A /* XCRemoteSwiftPackageReference "kakao-ios-sdk" */ = {
			isa = XCRemoteSwiftPackageReference;
			repositoryURL = "https://github.com/kakao/kakao-ios-sdk";
			requirement = {
				kind = upToNextMajorVersion;
				minimumVersion = 2.20.0;
			};
		};
/* End XCRemoteSwiftPackageReference section */

/* Begin XCSwiftPackageProductDependency section */
		3142B9892B4D019B0066CD5A /* SnapKit */ = {
			isa = XCSwiftPackageProductDependency;
			package = 3142B9882B4D019B0066CD5A /* XCRemoteSwiftPackageReference "SnapKit" */;
			productName = SnapKit;
		};
		3142B98C2B4D01A90066CD5A /* FSCalendar */ = {
			isa = XCSwiftPackageProductDependency;
			package = 3142B98B2B4D01A90066CD5A /* XCRemoteSwiftPackageReference "FSCalendar" */;
			productName = FSCalendar;
		};
		3142B98F2B4D01C40066CD5A /* Moya */ = {
			isa = XCSwiftPackageProductDependency;
			package = 3142B98E2B4D01C40066CD5A /* XCRemoteSwiftPackageReference "Moya" */;
			productName = Moya;
		};
		3142B9922B4D01DF0066CD5A /* KakaoSDK */ = {
			isa = XCSwiftPackageProductDependency;
			package = 3142B9912B4D01DF0066CD5A /* XCRemoteSwiftPackageReference "kakao-ios-sdk" */;
			productName = KakaoSDK;
		};
		3142B9942B4D01DF0066CD5A /* KakaoSDKAuth */ = {
			isa = XCSwiftPackageProductDependency;
			package = 3142B9912B4D01DF0066CD5A /* XCRemoteSwiftPackageReference "kakao-ios-sdk" */;
			productName = KakaoSDKAuth;
		};
		3142B9962B4D01DF0066CD5A /* KakaoSDKCommon */ = {
			isa = XCSwiftPackageProductDependency;
			package = 3142B9912B4D01DF0066CD5A /* XCRemoteSwiftPackageReference "kakao-ios-sdk" */;
			productName = KakaoSDKCommon;
		};
/* End XCSwiftPackageProductDependency section */
	};
	rootObject = 3142B94D2B4CFFED0066CD5A /* Project object */;
}
